// !$*UTF8*$!
{
	archiveVersion = 1;
	classes = {
	};
	objectVersion = 46;
	objects = {

/* Begin PBXBuildFile section */
		006E12F887514157AE57B0B7 /* libPods-LINQTests.a in Frameworks */ = {isa = PBXBuildFile; fileRef = 8716CDB13CE249B1BD7F7BDC /* libPods-LINQTests.a */; };
		9028A8091776F899004B3C97 /* NSArray+LINQ_Sets.m in Sources */ = {isa = PBXBuildFile; fileRef = 9028A8081776F899004B3C97 /* NSArray+LINQ_Sets.m */; };
		9028A80B1776F8E1004B3C97 /* NSArray_LINQ_Sets_Tests.m in Sources */ = {isa = PBXBuildFile; fileRef = 9028A80A1776F8E1004B3C97 /* NSArray_LINQ_Sets_Tests.m */; };
		9028A80E1776FA3F004B3C97 /* NSArray+LINQ_Converting.m in Sources */ = {isa = PBXBuildFile; fileRef = 9028A80D1776FA3F004B3C97 /* NSArray+LINQ_Converting.m */; };
		9028A8111776FA7E004B3C97 /* NSArray+LINQ_Quantifier.m in Sources */ = {isa = PBXBuildFile; fileRef = 9028A8101776FA7E004B3C97 /* NSArray+LINQ_Quantifier.m */; };
		9028A8141776FAC2004B3C97 /* NSArray+LINQ_Sorting.m in Sources */ = {isa = PBXBuildFile; fileRef = 9028A8131776FAC2004B3C97 /* NSArray+LINQ_Sorting.m */; };
		9028A8161776FB2A004B3C97 /* NSArray_LINQ_Quantifier_Tests.m in Sources */ = {isa = PBXBuildFile; fileRef = 9028A8151776FB2A004B3C97 /* NSArray_LINQ_Quantifier_Tests.m */; };
		9028A8181776FB84004B3C97 /* NSArray_LINQ_Sorting_Tests.m in Sources */ = {isa = PBXBuildFile; fileRef = 9028A8171776FB84004B3C97 /* NSArray_LINQ_Sorting_Tests.m */; };
		9028A81A1776FB98004B3C97 /* NSArray_LINQ_Converting_Tests.m in Sources */ = {isa = PBXBuildFile; fileRef = 9028A8191776FB98004B3C97 /* NSArray_LINQ_Converting_Tests.m */; };
		90373B4617764C60009511C4 /* NSArray+LINQ_Aggregation.m in Sources */ = {isa = PBXBuildFile; fileRef = 90373B4517764C60009511C4 /* NSArray+LINQ_Aggregation.m */; };
		90373B4817764CFD009511C4 /* NSArray_LINQ_Aggregation_Tests.m in Sources */ = {isa = PBXBuildFile; fileRef = 90373B4717764CFD009511C4 /* NSArray_LINQ_Aggregation_Tests.m */; };
		90373B4B17764DC1009511C4 /* NSArray+LINQ_Filtering.m in Sources */ = {isa = PBXBuildFile; fileRef = 90373B4A17764DC1009511C4 /* NSArray+LINQ_Filtering.m */; };
		90373B4D17764E6A009511C4 /* NSArray_LINQ_Filtering_Tests.m in Sources */ = {isa = PBXBuildFile; fileRef = 90373B4C17764E6A009511C4 /* NSArray_LINQ_Filtering_Tests.m */; };
		90373B5017764EFA009511C4 /* NSArray+LINQ_Grouping.m in Sources */ = {isa = PBXBuildFile; fileRef = 90373B4F17764EFA009511C4 /* NSArray+LINQ_Grouping.m */; };
		90373B5317764F1B009511C4 /* NSArray+LINQ_Partitioning.m in Sources */ = {isa = PBXBuildFile; fileRef = 90373B5217764F1B009511C4 /* NSArray+LINQ_Partitioning.m */; };
		90373B5617764F2E009511C4 /* NSArray+LINQ_Projection.m in Sources */ = {isa = PBXBuildFile; fileRef = 90373B5517764F2E009511C4 /* NSArray+LINQ_Projection.m */; };
		90373B5817764F7F009511C4 /* NSArray_LINQ_Grouping_Tests.m in Sources */ = {isa = PBXBuildFile; fileRef = 90373B5717764F7F009511C4 /* NSArray_LINQ_Grouping_Tests.m */; };
		90373B5A17764F90009511C4 /* NSArray_LINQ_Partitioning_Tests.m in Sources */ = {isa = PBXBuildFile; fileRef = 90373B5917764F90009511C4 /* NSArray_LINQ_Partitioning_Tests.m */; };
		90373B5C17764F9E009511C4 /* NSArray_LINQ_Projection_Tests.m in Sources */ = {isa = PBXBuildFile; fileRef = 90373B5B17764F9E009511C4 /* NSArray_LINQ_Projection_Tests.m */; };
		908990011775E1C100AA935C /* UIKit.framework in Frameworks */ = {isa = PBXBuildFile; fileRef = 908990001775E1C100AA935C /* UIKit.framework */; };
		908990031775E1C100AA935C /* Foundation.framework in Frameworks */ = {isa = PBXBuildFile; fileRef = 908990021775E1C100AA935C /* Foundation.framework */; };
		908990051775E1C100AA935C /* CoreGraphics.framework in Frameworks */ = {isa = PBXBuildFile; fileRef = 908990041775E1C100AA935C /* CoreGraphics.framework */; };
		9089900B1775E1C100AA935C /* InfoPlist.strings in Resources */ = {isa = PBXBuildFile; fileRef = 908990091775E1C100AA935C /* InfoPlist.strings */; };
		9089900D1775E1C100AA935C /* main.m in Sources */ = {isa = PBXBuildFile; fileRef = 9089900C1775E1C100AA935C /* main.m */; };
		908990111775E1C100AA935C /* AppDelegate.m in Sources */ = {isa = PBXBuildFile; fileRef = 908990101775E1C100AA935C /* AppDelegate.m */; };
		908990131775E1C100AA935C /* Default.png in Resources */ = {isa = PBXBuildFile; fileRef = 908990121775E1C100AA935C /* Default.png */; };
		908990151775E1C100AA935C /* Default@2x.png in Resources */ = {isa = PBXBuildFile; fileRef = 908990141775E1C100AA935C /* Default@2x.png */; };
		908990171775E1C100AA935C /* Default-568h@2x.png in Resources */ = {isa = PBXBuildFile; fileRef = 908990161775E1C100AA935C /* Default-568h@2x.png */; };
		9089901F1775E1C100AA935C /* SenTestingKit.framework in Frameworks */ = {isa = PBXBuildFile; fileRef = 9089901E1775E1C100AA935C /* SenTestingKit.framework */; };
		908990201775E1C100AA935C /* UIKit.framework in Frameworks */ = {isa = PBXBuildFile; fileRef = 908990001775E1C100AA935C /* UIKit.framework */; };
		908990211775E1C100AA935C /* Foundation.framework in Frameworks */ = {isa = PBXBuildFile; fileRef = 908990021775E1C100AA935C /* Foundation.framework */; };
		908990291775E1C100AA935C /* InfoPlist.strings in Resources */ = {isa = PBXBuildFile; fileRef = 908990271775E1C100AA935C /* InfoPlist.strings */; };
		90B422121775E995007DAF99 /* NSArray+LINQ_Generation.m in Sources */ = {isa = PBXBuildFile; fileRef = 90B422111775E995007DAF99 /* NSArray+LINQ_Generation.m */; };
		90B4221E1775EBD5007DAF99 /* NSArray_LINQ_Generation_.m in Sources */ = {isa = PBXBuildFile; fileRef = 90B4221D1775EBD5007DAF99 /* NSArray_LINQ_Generation_.m */; };
/* End PBXBuildFile section */

/* Begin PBXContainerItemProxy section */
		908990221775E1C100AA935C /* PBXContainerItemProxy */ = {
			isa = PBXContainerItemProxy;
			containerPortal = 90898FF51775E1C100AA935C /* Project object */;
			proxyType = 1;
			remoteGlobalIDString = 90898FFC1775E1C100AA935C;
			remoteInfo = LINQ;
		};
/* End PBXContainerItemProxy section */

/* Begin PBXFileReference section */
		6A229C693BAA4546A5A6C5F0 /* Pods-LINQTests.xcconfig */ = {isa = PBXFileReference; includeInIndex = 1; lastKnownFileType = text.xcconfig; name = "Pods-LINQTests.xcconfig"; path = "Pods/Pods-LINQTests.xcconfig"; sourceTree = SOURCE_ROOT; };
		8716CDB13CE249B1BD7F7BDC /* libPods-LINQTests.a */ = {isa = PBXFileReference; explicitFileType = archive.ar; includeInIndex = 0; path = "libPods-LINQTests.a"; sourceTree = BUILT_PRODUCTS_DIR; };
		9028A8071776F899004B3C97 /* NSArray+LINQ_Sets.h */ = {isa = PBXFileReference; fileEncoding = 4; lastKnownFileType = sourcecode.c.h; path = "NSArray+LINQ_Sets.h"; sourceTree = "<group>"; };
		9028A8081776F899004B3C97 /* NSArray+LINQ_Sets.m */ = {isa = PBXFileReference; fileEncoding = 4; lastKnownFileType = sourcecode.c.objc; path = "NSArray+LINQ_Sets.m"; sourceTree = "<group>"; };
		9028A80A1776F8E1004B3C97 /* NSArray_LINQ_Sets_Tests.m */ = {isa = PBXFileReference; fileEncoding = 4; lastKnownFileType = sourcecode.c.objc; path = NSArray_LINQ_Sets_Tests.m; sourceTree = "<group>"; };
		9028A80C1776FA3F004B3C97 /* NSArray+LINQ_Converting.h */ = {isa = PBXFileReference; fileEncoding = 4; lastKnownFileType = sourcecode.c.h; path = "NSArray+LINQ_Converting.h"; sourceTree = "<group>"; };
		9028A80D1776FA3F004B3C97 /* NSArray+LINQ_Converting.m */ = {isa = PBXFileReference; fileEncoding = 4; lastKnownFileType = sourcecode.c.objc; path = "NSArray+LINQ_Converting.m"; sourceTree = "<group>"; };
		9028A80F1776FA7E004B3C97 /* NSArray+LINQ_Quantifier.h */ = {isa = PBXFileReference; fileEncoding = 4; lastKnownFileType = sourcecode.c.h; path = "NSArray+LINQ_Quantifier.h"; sourceTree = "<group>"; };
		9028A8101776FA7E004B3C97 /* NSArray+LINQ_Quantifier.m */ = {isa = PBXFileReference; fileEncoding = 4; lastKnownFileType = sourcecode.c.objc; path = "NSArray+LINQ_Quantifier.m"; sourceTree = "<group>"; };
		9028A8121776FAC2004B3C97 /* NSArray+LINQ_Sorting.h */ = {isa = PBXFileReference; fileEncoding = 4; lastKnownFileType = sourcecode.c.h; path = "NSArray+LINQ_Sorting.h"; sourceTree = "<group>"; };
		9028A8131776FAC2004B3C97 /* NSArray+LINQ_Sorting.m */ = {isa = PBXFileReference; fileEncoding = 4; lastKnownFileType = sourcecode.c.objc; path = "NSArray+LINQ_Sorting.m"; sourceTree = "<group>"; };
		9028A8151776FB2A004B3C97 /* NSArray_LINQ_Quantifier_Tests.m */ = {isa = PBXFileReference; fileEncoding = 4; lastKnownFileType = sourcecode.c.objc; path = NSArray_LINQ_Quantifier_Tests.m; sourceTree = "<group>"; };
		9028A8171776FB84004B3C97 /* NSArray_LINQ_Sorting_Tests.m */ = {isa = PBXFileReference; fileEncoding = 4; lastKnownFileType = sourcecode.c.objc; path = NSArray_LINQ_Sorting_Tests.m; sourceTree = "<group>"; };
		9028A8191776FB98004B3C97 /* NSArray_LINQ_Converting_Tests.m */ = {isa = PBXFileReference; fileEncoding = 4; lastKnownFileType = sourcecode.c.objc; path = NSArray_LINQ_Converting_Tests.m; sourceTree = "<group>"; };
		90373B4417764C60009511C4 /* NSArray+LINQ_Aggregation.h */ = {isa = PBXFileReference; fileEncoding = 4; lastKnownFileType = sourcecode.c.h; path = "NSArray+LINQ_Aggregation.h"; sourceTree = "<group>"; };
		90373B4517764C60009511C4 /* NSArray+LINQ_Aggregation.m */ = {isa = PBXFileReference; fileEncoding = 4; lastKnownFileType = sourcecode.c.objc; path = "NSArray+LINQ_Aggregation.m"; sourceTree = "<group>"; };
		90373B4717764CFD009511C4 /* NSArray_LINQ_Aggregation_Tests.m */ = {isa = PBXFileReference; fileEncoding = 4; lastKnownFileType = sourcecode.c.objc; path = NSArray_LINQ_Aggregation_Tests.m; sourceTree = "<group>"; };
		90373B4917764DC1009511C4 /* NSArray+LINQ_Filtering.h */ = {isa = PBXFileReference; fileEncoding = 4; lastKnownFileType = sourcecode.c.h; path = "NSArray+LINQ_Filtering.h"; sourceTree = "<group>"; };
		90373B4A17764DC1009511C4 /* NSArray+LINQ_Filtering.m */ = {isa = PBXFileReference; fileEncoding = 4; lastKnownFileType = sourcecode.c.objc; path = "NSArray+LINQ_Filtering.m"; sourceTree = "<group>"; };
		90373B4C17764E6A009511C4 /* NSArray_LINQ_Filtering_Tests.m */ = {isa = PBXFileReference; fileEncoding = 4; lastKnownFileType = sourcecode.c.objc; path = NSArray_LINQ_Filtering_Tests.m; sourceTree = "<group>"; };
		90373B4E17764EFA009511C4 /* NSArray+LINQ_Grouping.h */ = {isa = PBXFileReference; fileEncoding = 4; lastKnownFileType = sourcecode.c.h; path = "NSArray+LINQ_Grouping.h"; sourceTree = "<group>"; };
		90373B4F17764EFA009511C4 /* NSArray+LINQ_Grouping.m */ = {isa = PBXFileReference; fileEncoding = 4; lastKnownFileType = sourcecode.c.objc; path = "NSArray+LINQ_Grouping.m"; sourceTree = "<group>"; };
		90373B5117764F1B009511C4 /* NSArray+LINQ_Partitioning.h */ = {isa = PBXFileReference; fileEncoding = 4; lastKnownFileType = sourcecode.c.h; path = "NSArray+LINQ_Partitioning.h"; sourceTree = "<group>"; };
		90373B5217764F1B009511C4 /* NSArray+LINQ_Partitioning.m */ = {isa = PBXFileReference; fileEncoding = 4; lastKnownFileType = sourcecode.c.objc; path = "NSArray+LINQ_Partitioning.m"; sourceTree = "<group>"; };
		90373B5417764F2E009511C4 /* NSArray+LINQ_Projection.h */ = {isa = PBXFileReference; fileEncoding = 4; lastKnownFileType = sourcecode.c.h; path = "NSArray+LINQ_Projection.h"; sourceTree = "<group>"; };
		90373B5517764F2E009511C4 /* NSArray+LINQ_Projection.m */ = {isa = PBXFileReference; fileEncoding = 4; lastKnownFileType = sourcecode.c.objc; path = "NSArray+LINQ_Projection.m"; sourceTree = "<group>"; };
		90373B5717764F7F009511C4 /* NSArray_LINQ_Grouping_Tests.m */ = {isa = PBXFileReference; fileEncoding = 4; lastKnownFileType = sourcecode.c.objc; path = NSArray_LINQ_Grouping_Tests.m; sourceTree = "<group>"; };
		90373B5917764F90009511C4 /* NSArray_LINQ_Partitioning_Tests.m */ = {isa = PBXFileReference; fileEncoding = 4; lastKnownFileType = sourcecode.c.objc; path = NSArray_LINQ_Partitioning_Tests.m; sourceTree = "<group>"; };
		90373B5B17764F9E009511C4 /* NSArray_LINQ_Projection_Tests.m */ = {isa = PBXFileReference; fileEncoding = 4; lastKnownFileType = sourcecode.c.objc; path = NSArray_LINQ_Projection_Tests.m; sourceTree = "<group>"; };
		906FACA11809FD3A00F26554 /* MKMacros.h */ = {isa = PBXFileReference; fileEncoding = 4; lastKnownFileType = sourcecode.c.h; path = MKMacros.h; sourceTree = "<group>"; };
		90898FFD1775E1C100AA935C /* LINQ.app */ = {isa = PBXFileReference; explicitFileType = wrapper.application; includeInIndex = 0; path = LINQ.app; sourceTree = BUILT_PRODUCTS_DIR; };
		908990001775E1C100AA935C /* UIKit.framework */ = {isa = PBXFileReference; lastKnownFileType = wrapper.framework; name = UIKit.framework; path = System/Library/Frameworks/UIKit.framework; sourceTree = SDKROOT; };
		908990021775E1C100AA935C /* Foundation.framework */ = {isa = PBXFileReference; lastKnownFileType = wrapper.framework; name = Foundation.framework; path = System/Library/Frameworks/Foundation.framework; sourceTree = SDKROOT; };
		908990041775E1C100AA935C /* CoreGraphics.framework */ = {isa = PBXFileReference; lastKnownFileType = wrapper.framework; name = CoreGraphics.framework; path = System/Library/Frameworks/CoreGraphics.framework; sourceTree = SDKROOT; };
		908990081775E1C100AA935C /* LINQ-Info.plist */ = {isa = PBXFileReference; lastKnownFileType = text.plist.xml; path = "LINQ-Info.plist"; sourceTree = "<group>"; };
		9089900A1775E1C100AA935C /* en */ = {isa = PBXFileReference; lastKnownFileType = text.plist.strings; name = en; path = en.lproj/InfoPlist.strings; sourceTree = "<group>"; };
		9089900C1775E1C100AA935C /* main.m */ = {isa = PBXFileReference; lastKnownFileType = sourcecode.c.objc; path = main.m; sourceTree = "<group>"; };
		9089900E1775E1C100AA935C /* LINQ-Prefix.pch */ = {isa = PBXFileReference; lastKnownFileType = sourcecode.c.h; path = "LINQ-Prefix.pch"; sourceTree = "<group>"; };
		9089900F1775E1C100AA935C /* AppDelegate.h */ = {isa = PBXFileReference; lastKnownFileType = sourcecode.c.h; path = AppDelegate.h; sourceTree = "<group>"; };
		908990101775E1C100AA935C /* AppDelegate.m */ = {isa = PBXFileReference; lastKnownFileType = sourcecode.c.objc; path = AppDelegate.m; sourceTree = "<group>"; };
		908990121775E1C100AA935C /* Default.png */ = {isa = PBXFileReference; lastKnownFileType = image.png; path = Default.png; sourceTree = "<group>"; };
		908990141775E1C100AA935C /* Default@2x.png */ = {isa = PBXFileReference; lastKnownFileType = image.png; path = "Default@2x.png"; sourceTree = "<group>"; };
		908990161775E1C100AA935C /* Default-568h@2x.png */ = {isa = PBXFileReference; lastKnownFileType = image.png; path = "Default-568h@2x.png"; sourceTree = "<group>"; };
		9089901D1775E1C100AA935C /* LINQTests.octest */ = {isa = PBXFileReference; explicitFileType = wrapper.cfbundle; includeInIndex = 0; path = LINQTests.octest; sourceTree = BUILT_PRODUCTS_DIR; };
		9089901E1775E1C100AA935C /* SenTestingKit.framework */ = {isa = PBXFileReference; lastKnownFileType = wrapper.framework; name = SenTestingKit.framework; path = Library/Frameworks/SenTestingKit.framework; sourceTree = DEVELOPER_DIR; };
		908990261775E1C100AA935C /* LINQTests-Info.plist */ = {isa = PBXFileReference; lastKnownFileType = text.plist.xml; path = "LINQTests-Info.plist"; sourceTree = "<group>"; };
		908990281775E1C100AA935C /* en */ = {isa = PBXFileReference; lastKnownFileType = text.plist.strings; name = en; path = en.lproj/InfoPlist.strings; sourceTree = "<group>"; };
		90B4220C1775E817007DAF99 /* .gitkeep */ = {isa = PBXFileReference; lastKnownFileType = text; path = .gitkeep; sourceTree = "<group>"; };
		90B422101775E995007DAF99 /* NSArray+LINQ_Generation.h */ = {isa = PBXFileReference; fileEncoding = 4; lastKnownFileType = sourcecode.c.h; path = "NSArray+LINQ_Generation.h"; sourceTree = "<group>"; };
		90B422111775E995007DAF99 /* NSArray+LINQ_Generation.m */ = {isa = PBXFileReference; fileEncoding = 4; lastKnownFileType = sourcecode.c.objc; path = "NSArray+LINQ_Generation.m"; sourceTree = "<group>"; };
		90B422131775E9FF007DAF99 /* LINQ.h */ = {isa = PBXFileReference; fileEncoding = 4; lastKnownFileType = sourcecode.c.h; path = LINQ.h; sourceTree = "<group>"; };
		90B422161775EA24007DAF99 /* NSArray+LINQ.h */ = {isa = PBXFileReference; fileEncoding = 4; lastKnownFileType = sourcecode.c.h; path = "NSArray+LINQ.h"; sourceTree = "<group>"; };
		90B422171775EA70007DAF99 /* NSDictionary+LINQ.h */ = {isa = PBXFileReference; fileEncoding = 4; lastKnownFileType = sourcecode.c.h; path = "NSDictionary+LINQ.h"; sourceTree = "<group>"; };
		90B4221A1775EAFE007DAF99 /* LINQ_Base_Tests.h */ = {isa = PBXFileReference; fileEncoding = 4; lastKnownFileType = sourcecode.c.h; path = LINQ_Base_Tests.h; sourceTree = "<group>"; };
		90B4221D1775EBD5007DAF99 /* NSArray_LINQ_Generation_.m */ = {isa = PBXFileReference; fileEncoding = 4; lastKnownFileType = sourcecode.c.objc; path = NSArray_LINQ_Generation_.m; sourceTree = "<group>"; };
/* End PBXFileReference section */

/* Begin PBXFrameworksBuildPhase section */
		90898FFA1775E1C100AA935C /* Frameworks */ = {
			isa = PBXFrameworksBuildPhase;
			buildActionMask = 2147483647;
			files = (
				908990011775E1C100AA935C /* UIKit.framework in Frameworks */,
				908990031775E1C100AA935C /* Foundation.framework in Frameworks */,
				908990051775E1C100AA935C /* CoreGraphics.framework in Frameworks */,
			);
			runOnlyForDeploymentPostprocessing = 0;
		};
		908990191775E1C100AA935C /* Frameworks */ = {
			isa = PBXFrameworksBuildPhase;
			buildActionMask = 2147483647;
			files = (
				9089901F1775E1C100AA935C /* SenTestingKit.framework in Frameworks */,
				908990201775E1C100AA935C /* UIKit.framework in Frameworks */,
				908990211775E1C100AA935C /* Foundation.framework in Frameworks */,
				006E12F887514157AE57B0B7 /* libPods-LINQTests.a in Frameworks */,
			);
			runOnlyForDeploymentPostprocessing = 0;
		};
/* End PBXFrameworksBuildPhase section */

/* Begin PBXGroup section */
		906FACA01809FD3A00F26554 /* Externals */ = {
			isa = PBXGroup;
			children = (
				906FACA11809FD3A00F26554 /* MKMacros.h */,
			);
			path = Externals;
			sourceTree = "<group>";
		};
		90898FF41775E1C100AA935C = {
			isa = PBXGroup;
			children = (
				908990061775E1C100AA935C /* LINQ */,
				908990241775E1C100AA935C /* LINQTests */,
				90898FFF1775E1C100AA935C /* Frameworks */,
				90898FFE1775E1C100AA935C /* Products */,
				6A229C693BAA4546A5A6C5F0 /* Pods-LINQTests.xcconfig */,
			);
			sourceTree = "<group>";
		};
		90898FFE1775E1C100AA935C /* Products */ = {
			isa = PBXGroup;
			children = (
				90898FFD1775E1C100AA935C /* LINQ.app */,
				9089901D1775E1C100AA935C /* LINQTests.octest */,
			);
			name = Products;
			sourceTree = "<group>";
		};
		90898FFF1775E1C100AA935C /* Frameworks */ = {
			isa = PBXGroup;
			children = (
				908990001775E1C100AA935C /* UIKit.framework */,
				908990021775E1C100AA935C /* Foundation.framework */,
				908990041775E1C100AA935C /* CoreGraphics.framework */,
				9089901E1775E1C100AA935C /* SenTestingKit.framework */,
				8716CDB13CE249B1BD7F7BDC /* libPods-LINQTests.a */,
			);
			name = Frameworks;
			sourceTree = "<group>";
		};
		908990061775E1C100AA935C /* LINQ */ = {
			isa = PBXGroup;
			children = (
				90B422041775E807007DAF99 /* Source */,
				9089900F1775E1C100AA935C /* AppDelegate.h */,
				908990101775E1C100AA935C /* AppDelegate.m */,
				908990071775E1C100AA935C /* Supporting Files */,
			);
			path = LINQ;
			sourceTree = "<group>";
		};
		908990071775E1C100AA935C /* Supporting Files */ = {
			isa = PBXGroup;
			children = (
				908990081775E1C100AA935C /* LINQ-Info.plist */,
				908990091775E1C100AA935C /* InfoPlist.strings */,
				9089900C1775E1C100AA935C /* main.m */,
				9089900E1775E1C100AA935C /* LINQ-Prefix.pch */,
				908990121775E1C100AA935C /* Default.png */,
				908990141775E1C100AA935C /* Default@2x.png */,
				908990161775E1C100AA935C /* Default-568h@2x.png */,
			);
			name = "Supporting Files";
			sourceTree = "<group>";
		};
		908990241775E1C100AA935C /* LINQTests */ = {
			isa = PBXGroup;
			children = (
				90B422091775E817007DAF99 /* NSArray+LINQ_Tests */,
				90B4220B1775E817007DAF99 /* NSDictionary+LINQ_Tests */,
				90B4221A1775EAFE007DAF99 /* LINQ_Base_Tests.h */,
				908990251775E1C100AA935C /* Supporting Files */,
			);
			path = LINQTests;
			sourceTree = "<group>";
		};
		908990251775E1C100AA935C /* Supporting Files */ = {
			isa = PBXGroup;
			children = (
				908990261775E1C100AA935C /* LINQTests-Info.plist */,
				908990271775E1C100AA935C /* InfoPlist.strings */,
			);
			name = "Supporting Files";
			sourceTree = "<group>";
		};
		90B422041775E807007DAF99 /* Source */ = {
			isa = PBXGroup;
			children = (
				906FACA01809FD3A00F26554 /* Externals */,
				90B422051775E807007DAF99 /* NSArray+LINQ */,
				90B422071775E807007DAF99 /* NSDictionary+LINQ */,
				90B422131775E9FF007DAF99 /* LINQ.h */,
			);
			path = Source;
			sourceTree = "<group>";
		};
		90B422051775E807007DAF99 /* NSArray+LINQ */ = {
			isa = PBXGroup;
			children = (
				90B422161775EA24007DAF99 /* NSArray+LINQ.h */,
				90373B4417764C60009511C4 /* NSArray+LINQ_Aggregation.h */,
				90373B4517764C60009511C4 /* NSArray+LINQ_Aggregation.m */,
				9028A80C1776FA3F004B3C97 /* NSArray+LINQ_Converting.h */,
				9028A80D1776FA3F004B3C97 /* NSArray+LINQ_Converting.m */,
				90373B4917764DC1009511C4 /* NSArray+LINQ_Filtering.h */,
				90373B4A17764DC1009511C4 /* NSArray+LINQ_Filtering.m */,
				90B422101775E995007DAF99 /* NSArray+LINQ_Generation.h */,
				90B422111775E995007DAF99 /* NSArray+LINQ_Generation.m */,
				90373B4E17764EFA009511C4 /* NSArray+LINQ_Grouping.h */,
				90373B4F17764EFA009511C4 /* NSArray+LINQ_Grouping.m */,
				90373B5117764F1B009511C4 /* NSArray+LINQ_Partitioning.h */,
				90373B5217764F1B009511C4 /* NSArray+LINQ_Partitioning.m */,
				90373B5417764F2E009511C4 /* NSArray+LINQ_Projection.h */,
				90373B5517764F2E009511C4 /* NSArray+LINQ_Projection.m */,
				9028A80F1776FA7E004B3C97 /* NSArray+LINQ_Quantifier.h */,
				9028A8101776FA7E004B3C97 /* NSArray+LINQ_Quantifier.m */,
				9028A8071776F899004B3C97 /* NSArray+LINQ_Sets.h */,
				9028A8081776F899004B3C97 /* NSArray+LINQ_Sets.m */,
				9028A8121776FAC2004B3C97 /* NSArray+LINQ_Sorting.h */,
				9028A8131776FAC2004B3C97 /* NSArray+LINQ_Sorting.m */,
			);
			path = "NSArray+LINQ";
			sourceTree = "<group>";
		};
		90B422071775E807007DAF99 /* NSDictionary+LINQ */ = {
			isa = PBXGroup;
			children = (
				90B422171775EA70007DAF99 /* NSDictionary+LINQ.h */,
			);
			path = "NSDictionary+LINQ";
			sourceTree = "<group>";
		};
		90B422091775E817007DAF99 /* NSArray+LINQ_Tests */ = {
			isa = PBXGroup;
			children = (
				90373B4717764CFD009511C4 /* NSArray_LINQ_Aggregation_Tests.m */,
				9028A8191776FB98004B3C97 /* NSArray_LINQ_Converting_Tests.m */,
				90B4221D1775EBD5007DAF99 /* NSArray_LINQ_Generation_.m */,
				90373B4C17764E6A009511C4 /* NSArray_LINQ_Filtering_Tests.m */,
				90373B5717764F7F009511C4 /* NSArray_LINQ_Grouping_Tests.m */,
				90373B5917764F90009511C4 /* NSArray_LINQ_Partitioning_Tests.m */,
				90373B5B17764F9E009511C4 /* NSArray_LINQ_Projection_Tests.m */,
				9028A8151776FB2A004B3C97 /* NSArray_LINQ_Quantifier_Tests.m */,
				9028A80A1776F8E1004B3C97 /* NSArray_LINQ_Sets_Tests.m */,
				9028A8171776FB84004B3C97 /* NSArray_LINQ_Sorting_Tests.m */,
			);
			path = "NSArray+LINQ_Tests";
			sourceTree = "<group>";
		};
		90B4220B1775E817007DAF99 /* NSDictionary+LINQ_Tests */ = {
			isa = PBXGroup;
			children = (
				90B4220C1775E817007DAF99 /* .gitkeep */,
			);
			path = "NSDictionary+LINQ_Tests";
			sourceTree = "<group>";
		};
/* End PBXGroup section */

/* Begin PBXNativeTarget section */
		90898FFC1775E1C100AA935C /* LINQ */ = {
			isa = PBXNativeTarget;
			buildConfigurationList = 9089902F1775E1C100AA935C /* Build configuration list for PBXNativeTarget "LINQ" */;
			buildPhases = (
				90898FF91775E1C100AA935C /* Sources */,
				90898FFA1775E1C100AA935C /* Frameworks */,
				90898FFB1775E1C100AA935C /* Resources */,
			);
			buildRules = (
			);
			dependencies = (
			);
			name = LINQ;
			productName = LINQ;
			productReference = 90898FFD1775E1C100AA935C /* LINQ.app */;
			productType = "com.apple.product-type.application";
		};
		9089901C1775E1C100AA935C /* LINQTests */ = {
			isa = PBXNativeTarget;
			buildConfigurationList = 908990321775E1C100AA935C /* Build configuration list for PBXNativeTarget "LINQTests" */;
			buildPhases = (
				502139E3FDC7430BBC3A7857 /* Check Pods Manifest.lock */,
				908990181775E1C100AA935C /* Sources */,
				908990191775E1C100AA935C /* Frameworks */,
				9089901A1775E1C100AA935C /* Resources */,
				9089901B1775E1C100AA935C /* ShellScript */,
				684949FAD0434EC5932260C3 /* Copy Pods Resources */,
			);
			buildRules = (
			);
			dependencies = (
				908990231775E1C100AA935C /* PBXTargetDependency */,
			);
			name = LINQTests;
			productName = LINQTests;
			productReference = 9089901D1775E1C100AA935C /* LINQTests.octest */;
			productType = "com.apple.product-type.bundle";
		};
/* End PBXNativeTarget section */

/* Begin PBXProject section */
		90898FF51775E1C100AA935C /* Project object */ = {
			isa = PBXProject;
			attributes = {
				LastUpgradeCheck = 0460;
				ORGANIZATIONNAME = "Michal Konturek";
			};
			buildConfigurationList = 90898FF81775E1C100AA935C /* Build configuration list for PBXProject "LINQ" */;
			compatibilityVersion = "Xcode 3.2";
			developmentRegion = English;
			hasScannedForEncodings = 0;
			knownRegions = (
				en,
			);
			mainGroup = 90898FF41775E1C100AA935C;
			productRefGroup = 90898FFE1775E1C100AA935C /* Products */;
			projectDirPath = "";
			projectRoot = "";
			targets = (
				90898FFC1775E1C100AA935C /* LINQ */,
				9089901C1775E1C100AA935C /* LINQTests */,
			);
		};
/* End PBXProject section */

/* Begin PBXResourcesBuildPhase section */
		90898FFB1775E1C100AA935C /* Resources */ = {
			isa = PBXResourcesBuildPhase;
			buildActionMask = 2147483647;
			files = (
				9089900B1775E1C100AA935C /* InfoPlist.strings in Resources */,
				908990131775E1C100AA935C /* Default.png in Resources */,
				908990151775E1C100AA935C /* Default@2x.png in Resources */,
				908990171775E1C100AA935C /* Default-568h@2x.png in Resources */,
			);
			runOnlyForDeploymentPostprocessing = 0;
		};
		9089901A1775E1C100AA935C /* Resources */ = {
			isa = PBXResourcesBuildPhase;
			buildActionMask = 2147483647;
			files = (
				908990291775E1C100AA935C /* InfoPlist.strings in Resources */,
			);
			runOnlyForDeploymentPostprocessing = 0;
		};
/* End PBXResourcesBuildPhase section */

/* Begin PBXShellScriptBuildPhase section */
		502139E3FDC7430BBC3A7857 /* Check Pods Manifest.lock */ = {
			isa = PBXShellScriptBuildPhase;
			buildActionMask = 2147483647;
			files = (
			);
			inputPaths = (
			);
			name = "Check Pods Manifest.lock";
			outputPaths = (
			);
			runOnlyForDeploymentPostprocessing = 0;
			shellPath = /bin/sh;
			shellScript = "diff \"${PODS_ROOT}/../Podfile.lock\" \"${PODS_ROOT}/Manifest.lock\" > /dev/null\nif [[ $? != 0 ]] ; then\n    cat << EOM\nerror: The sandbox is not in sync with the Podfile.lock. Run 'pod install' or update your CocoaPods installation.\nEOM\n    exit 1\nfi\n";
		};
		684949FAD0434EC5932260C3 /* Copy Pods Resources */ = {
			isa = PBXShellScriptBuildPhase;
			buildActionMask = 2147483647;
			files = (
			);
			inputPaths = (
			);
			name = "Copy Pods Resources";
			outputPaths = (
			);
			runOnlyForDeploymentPostprocessing = 0;
			shellPath = /bin/sh;
			shellScript = "\"${SRCROOT}/Pods/Pods-LINQTests-resources.sh\"\n";
		};
		9089901B1775E1C100AA935C /* ShellScript */ = {
			isa = PBXShellScriptBuildPhase;
			buildActionMask = 2147483647;
			files = (
			);
			inputPaths = (
			);
			outputPaths = (
			);
			runOnlyForDeploymentPostprocessing = 0;
			shellPath = /bin/sh;
			shellScript = "# Run the unit tests in this test bundle.\n\"${SYSTEM_DEVELOPER_DIR}/Tools/RunUnitTests\"\n";
		};
/* End PBXShellScriptBuildPhase section */

/* Begin PBXSourcesBuildPhase section */
		90898FF91775E1C100AA935C /* Sources */ = {
			isa = PBXSourcesBuildPhase;
			buildActionMask = 2147483647;
			files = (
				9028A8091776F899004B3C97 /* NSArray+LINQ_Sets.m in Sources */,
				9028A8141776FAC2004B3C97 /* NSArray+LINQ_Sorting.m in Sources */,
				90373B5317764F1B009511C4 /* NSArray+LINQ_Partitioning.m in Sources */,
				9028A8111776FA7E004B3C97 /* NSArray+LINQ_Quantifier.m in Sources */,
				90B422121775E995007DAF99 /* NSArray+LINQ_Generation.m in Sources */,
				9089900D1775E1C100AA935C /* main.m in Sources */,
				908990111775E1C100AA935C /* AppDelegate.m in Sources */,
				90373B4B17764DC1009511C4 /* NSArray+LINQ_Filtering.m in Sources */,
				90373B4617764C60009511C4 /* NSArray+LINQ_Aggregation.m in Sources */,
				9028A80E1776FA3F004B3C97 /* NSArray+LINQ_Converting.m in Sources */,
				90373B5017764EFA009511C4 /* NSArray+LINQ_Grouping.m in Sources */,
				90373B5617764F2E009511C4 /* NSArray+LINQ_Projection.m in Sources */,
			);
			runOnlyForDeploymentPostprocessing = 0;
		};
		908990181775E1C100AA935C /* Sources */ = {
			isa = PBXSourcesBuildPhase;
			buildActionMask = 2147483647;
			files = (
				9028A8181776FB84004B3C97 /* NSArray_LINQ_Sorting_Tests.m in Sources */,
				9028A80B1776F8E1004B3C97 /* NSArray_LINQ_Sets_Tests.m in Sources */,
				90373B4D17764E6A009511C4 /* NSArray_LINQ_Filtering_Tests.m in Sources */,
				90373B4817764CFD009511C4 /* NSArray_LINQ_Aggregation_Tests.m in Sources */,
				90B4221E1775EBD5007DAF99 /* NSArray_LINQ_Generation_.m in Sources */,
				90373B5A17764F90009511C4 /* NSArray_LINQ_Partitioning_Tests.m in Sources */,
				90373B5817764F7F009511C4 /* NSArray_LINQ_Grouping_Tests.m in Sources */,
				9028A8161776FB2A004B3C97 /* NSArray_LINQ_Quantifier_Tests.m in Sources */,
				90373B5C17764F9E009511C4 /* NSArray_LINQ_Projection_Tests.m in Sources */,
				9028A81A1776FB98004B3C97 /* NSArray_LINQ_Converting_Tests.m in Sources */,
			);
			runOnlyForDeploymentPostprocessing = 0;
		};
/* End PBXSourcesBuildPhase section */

/* Begin PBXTargetDependency section */
		908990231775E1C100AA935C /* PBXTargetDependency */ = {
			isa = PBXTargetDependency;
			target = 90898FFC1775E1C100AA935C /* LINQ */;
			targetProxy = 908990221775E1C100AA935C /* PBXContainerItemProxy */;
		};
/* End PBXTargetDependency section */

/* Begin PBXVariantGroup section */
		908990091775E1C100AA935C /* InfoPlist.strings */ = {
			isa = PBXVariantGroup;
			children = (
				9089900A1775E1C100AA935C /* en */,
			);
			name = InfoPlist.strings;
			sourceTree = "<group>";
		};
		908990271775E1C100AA935C /* InfoPlist.strings */ = {
			isa = PBXVariantGroup;
			children = (
				908990281775E1C100AA935C /* en */,
			);
			name = InfoPlist.strings;
			sourceTree = "<group>";
		};
/* End PBXVariantGroup section */

/* Begin XCBuildConfiguration section */
		9089902D1775E1C100AA935C /* Debug */ = {
			isa = XCBuildConfiguration;
			buildSettings = {
				ALWAYS_SEARCH_USER_PATHS = YES;
				ARCHS = "$(ARCHS_STANDARD_INCLUDING_64_BIT)";
				CLANG_CXX_LANGUAGE_STANDARD = "gnu++0x";
				CLANG_CXX_LIBRARY = "libc++";
				CLANG_ENABLE_OBJC_ARC = YES;
				CLANG_WARN_CONSTANT_CONVERSION = YES;
				CLANG_WARN_EMPTY_BODY = YES;
				CLANG_WARN_ENUM_CONVERSION = YES;
				CLANG_WARN_INT_CONVERSION = YES;
				CLANG_WARN__DUPLICATE_METHOD_MATCH = YES;
				"CODE_SIGN_IDENTITY[sdk=iphoneos*]" = "iPhone Developer";
				COPY_PHASE_STRIP = NO;
				GCC_C_LANGUAGE_STANDARD = gnu99;
				GCC_DYNAMIC_NO_PIC = NO;
				GCC_OPTIMIZATION_LEVEL = 0;
				GCC_PREPROCESSOR_DEFINITIONS = (
					"DEBUG=1",
					"$(inherited)",
				);
				GCC_SYMBOLS_PRIVATE_EXTERN = NO;
				GCC_WARN_ABOUT_RETURN_TYPE = YES;
				GCC_WARN_UNINITIALIZED_AUTOS = YES;
				GCC_WARN_UNUSED_VARIABLE = YES;
				IPHONEOS_DEPLOYMENT_TARGET = 7.0;
				ONLY_ACTIVE_ARCH = YES;
				SDKROOT = iphoneos;
				USER_HEADER_SEARCH_PATHS = "$(SRCROOT)/**";
			};
			name = Debug;
		};
		9089902E1775E1C100AA935C /* Release */ = {
			isa = XCBuildConfiguration;
			buildSettings = {
				ALWAYS_SEARCH_USER_PATHS = YES;
				ARCHS = "$(ARCHS_STANDARD_INCLUDING_64_BIT)";
				CLANG_CXX_LANGUAGE_STANDARD = "gnu++0x";
				CLANG_CXX_LIBRARY = "libc++";
				CLANG_ENABLE_OBJC_ARC = YES;
				CLANG_WARN_CONSTANT_CONVERSION = YES;
				CLANG_WARN_EMPTY_BODY = YES;
				CLANG_WARN_ENUM_CONVERSION = YES;
				CLANG_WARN_INT_CONVERSION = YES;
				CLANG_WARN__DUPLICATE_METHOD_MATCH = YES;
				"CODE_SIGN_IDENTITY[sdk=iphoneos*]" = "iPhone Developer";
				COPY_PHASE_STRIP = YES;
				GCC_C_LANGUAGE_STANDARD = gnu99;
				GCC_WARN_ABOUT_RETURN_TYPE = YES;
				GCC_WARN_UNINITIALIZED_AUTOS = YES;
				GCC_WARN_UNUSED_VARIABLE = YES;
				IPHONEOS_DEPLOYMENT_TARGET = 7.0;
				ONLY_ACTIVE_ARCH = YES;
				OTHER_CFLAGS = "-DNS_BLOCK_ASSERTIONS=1";
				SDKROOT = iphoneos;
				USER_HEADER_SEARCH_PATHS = "$(SRCROOT)/**";
				VALIDATE_PRODUCT = YES;
			};
			name = Release;
		};
		908990301775E1C100AA935C /* Debug */ = {
			isa = XCBuildConfiguration;
			buildSettings = {
				ARCHS = "$(ARCHS_STANDARD_INCLUDING_64_BIT)";
				GCC_PRECOMPILE_PREFIX_HEADER = YES;
				GCC_PREFIX_HEADER = "LINQ/LINQ-Prefix.pch";
				INFOPLIST_FILE = "LINQ/LINQ-Info.plist";
				IPHONEOS_DEPLOYMENT_TARGET = 7.0;
				PRODUCT_NAME = "$(TARGET_NAME)";
				WRAPPER_EXTENSION = app;
			};
			name = Debug;
		};
		908990311775E1C100AA935C /* Release */ = {
			isa = XCBuildConfiguration;
			buildSettings = {
				ARCHS = "$(ARCHS_STANDARD_INCLUDING_64_BIT)";
				GCC_PRECOMPILE_PREFIX_HEADER = YES;
				GCC_PREFIX_HEADER = "LINQ/LINQ-Prefix.pch";
				INFOPLIST_FILE = "LINQ/LINQ-Info.plist";
				IPHONEOS_DEPLOYMENT_TARGET = 7.0;
				PRODUCT_NAME = "$(TARGET_NAME)";
				WRAPPER_EXTENSION = app;
			};
			name = Release;
		};
		908990331775E1C100AA935C /* Debug */ = {
			isa = XCBuildConfiguration;
			baseConfigurationReference = 6A229C693BAA4546A5A6C5F0 /* Pods-LINQTests.xcconfig */;
			buildSettings = {
				ARCHS = "$(ARCHS_STANDARD_INCLUDING_64_BIT)";
				BUNDLE_LOADER = "$(BUILT_PRODUCTS_DIR)/LINQ.app/LINQ";
				FRAMEWORK_SEARCH_PATHS = (
					"\"$(SDKROOT)/Developer/Library/Frameworks\"",
					"\"$(DEVELOPER_LIBRARY_DIR)/Frameworks\"",
				);
				GCC_PRECOMPILE_PREFIX_HEADER = YES;
				GCC_PREFIX_HEADER = "LINQ/LINQ-Prefix.pch";
				INFOPLIST_FILE = "LINQTests/LINQTests-Info.plist";
				IPHONEOS_DEPLOYMENT_TARGET = 7.0;
				PRODUCT_NAME = "$(TARGET_NAME)";
				TEST_HOST = "$(BUNDLE_LOADER)";
				WRAPPER_EXTENSION = octest;
			};
			name = Debug;
		};
		908990341775E1C100AA935C /* Release */ = {
			isa = XCBuildConfiguration;
			baseConfigurationReference = 6A229C693BAA4546A5A6C5F0 /* Pods-LINQTests.xcconfig */;
			buildSettings = {
				ARCHS = "$(ARCHS_STANDARD_INCLUDING_64_BIT)";
				BUNDLE_LOADER = "$(BUILT_PRODUCTS_DIR)/LINQ.app/LINQ";
				FRAMEWORK_SEARCH_PATHS = (
					"\"$(SDKROOT)/Developer/Library/Frameworks\"",
					"\"$(DEVELOPER_LIBRARY_DIR)/Frameworks\"",
				);
				GCC_PRECOMPILE_PREFIX_HEADER = YES;
				GCC_PREFIX_HEADER = "LINQ/LINQ-Prefix.pch";
				INFOPLIST_FILE = "LINQTests/LINQTests-Info.plist";
				IPHONEOS_DEPLOYMENT_TARGET = 7.0;
				PRODUCT_NAME = "$(TARGET_NAME)";
				TEST_HOST = "$(BUNDLE_LOADER)";
				WRAPPER_EXTENSION = octest;
			};
			name = Release;
		};
/* End XCBuildConfiguration section */

/* Begin XCConfigurationList section */
		90898FF81775E1C100AA935C /* Build configuration list for PBXProject "LINQ" */ = {
			isa = XCConfigurationList;
			buildConfigurations = (
				9089902D1775E1C100AA935C /* Debug */,
				9089902E1775E1C100AA935C /* Release */,
			);
			defaultConfigurationIsVisible = 0;
			defaultConfigurationName = Release;
		};
		9089902F1775E1C100AA935C /* Build configuration list for PBXNativeTarget "LINQ" */ = {
			isa = XCConfigurationList;
			buildConfigurations = (
				908990301775E1C100AA935C /* Debug */,
				908990311775E1C100AA935C /* Release */,
			);
			defaultConfigurationIsVisible = 0;
			defaultConfigurationName = Release;
		};
		908990321775E1C100AA935C /* Build configuration list for PBXNativeTarget "LINQTests" */ = {
			isa = XCConfigurationList;
			buildConfigurations = (
				908990331775E1C100AA935C /* Debug */,
				908990341775E1C100AA935C /* Release */,
			);
			defaultConfigurationIsVisible = 0;
			defaultConfigurationName = Release;
		};
/* End XCConfigurationList section */
	};
	rootObject = 90898FF51775E1C100AA935C /* Project object */;
}
