<?xml version="1.0" encoding="UTF-8"?>
<!DOCTYPE plist PUBLIC "-//Apple//DTD PLIST 1.0//EN" "http://www.apple.com/DTDs/PropertyList-1.0.dtd">
<plist version="1.0">
<dict>
	<key>archiveVersion</key>
	<string>1</string>
	<key>classes</key>
	<dict/>
	<key>objectVersion</key>
	<string>46</string>
	<key>objects</key>
	<dict>
		<key>006E12F887514157AE57B0B7</key>
		<dict>
			<key>fileRef</key>
			<string>8716CDB13CE249B1BD7F7BDC</string>
			<key>isa</key>
			<string>PBXBuildFile</string>
		</dict>
		<key>15F083F72632BC8A2160E252</key>
		<dict>
			<key>includeInIndex</key>
			<string>1</string>
			<key>isa</key>
			<string>PBXFileReference</string>
			<key>lastKnownFileType</key>
			<string>text.xcconfig</string>
			<key>name</key>
			<string>Pods-LINQTests.debug.xcconfig</string>
			<key>path</key>
			<string>Pods/Target Support Files/Pods-LINQTests/Pods-LINQTests.debug.xcconfig</string>
			<key>sourceTree</key>
			<string>&lt;group&gt;</string>
		</dict>
		<key>256428A2A7AB6AA04D2C6BCF</key>
		<dict>
			<key>children</key>
			<array>
				<string>15F083F72632BC8A2160E252</string>
				<string>47DCC961D9A805AFA2955EAE</string>
			</array>
			<key>isa</key>
			<string>PBXGroup</string>
			<key>name</key>
			<string>Pods</string>
			<key>sourceTree</key>
			<string>&lt;group&gt;</string>
		</dict>
		<key>47DCC961D9A805AFA2955EAE</key>
		<dict>
			<key>includeInIndex</key>
			<string>1</string>
			<key>isa</key>
			<string>PBXFileReference</string>
			<key>lastKnownFileType</key>
			<string>text.xcconfig</string>
			<key>name</key>
			<string>Pods-LINQTests.release.xcconfig</string>
			<key>path</key>
			<string>Pods/Target Support Files/Pods-LINQTests/Pods-LINQTests.release.xcconfig</string>
			<key>sourceTree</key>
			<string>&lt;group&gt;</string>
		</dict>
		<key>502139E3FDC7430BBC3A7857</key>
		<dict>
			<key>buildActionMask</key>
			<string>2147483647</string>
			<key>files</key>
			<array/>
			<key>inputPaths</key>
			<array/>
			<key>isa</key>
			<string>PBXShellScriptBuildPhase</string>
			<key>name</key>
			<string>Check Pods Manifest.lock</string>
			<key>outputPaths</key>
			<array/>
			<key>runOnlyForDeploymentPostprocessing</key>
			<string>0</string>
			<key>shellPath</key>
			<string>/bin/sh</string>
			<key>shellScript</key>
			<string>diff "${PODS_ROOT}/../Podfile.lock" "${PODS_ROOT}/Manifest.lock" &gt; /dev/null
if [[ $? != 0 ]] ; then
    cat &lt;&lt; EOM
error: The sandbox is not in sync with the Podfile.lock. Run 'pod install' or update your CocoaPods installation.
EOM
    exit 1
fi
</string>
		</dict>
		<key>684949FAD0434EC5932260C3</key>
		<dict>
			<key>buildActionMask</key>
			<string>2147483647</string>
			<key>files</key>
			<array/>
			<key>inputPaths</key>
			<array/>
			<key>isa</key>
			<string>PBXShellScriptBuildPhase</string>
			<key>name</key>
			<string>Copy Pods Resources</string>
			<key>outputPaths</key>
			<array/>
			<key>runOnlyForDeploymentPostprocessing</key>
			<string>0</string>
			<key>shellPath</key>
			<string>/bin/sh</string>
			<key>shellScript</key>
			<string>"${SRCROOT}/Pods/Target Support Files/Pods-LINQTests/Pods-LINQTests-resources.sh"
</string>
		</dict>
		<key>8716CDB13CE249B1BD7F7BDC</key>
		<dict>
			<key>explicitFileType</key>
			<string>archive.ar</string>
			<key>includeInIndex</key>
			<string>0</string>
			<key>isa</key>
			<string>PBXFileReference</string>
			<key>path</key>
			<string>libPods-LINQTests.a</string>
			<key>sourceTree</key>
			<string>BUILT_PRODUCTS_DIR</string>
		</dict>
		<key>901F6133180B23DA00A4D26B</key>
		<dict>
			<key>fileEncoding</key>
			<string>4</string>
			<key>isa</key>
			<string>PBXFileReference</string>
			<key>lastKnownFileType</key>
			<string>sourcecode.c.objc</string>
			<key>path</key>
			<string>NSDictionary_LINQ_Partitioning_Tests.m</string>
			<key>sourceTree</key>
			<string>&lt;group&gt;</string>
		</dict>
		<key>901F6134180B23DA00A4D26B</key>
		<dict>
			<key>fileRef</key>
			<string>901F6133180B23DA00A4D26B</string>
			<key>isa</key>
			<string>PBXBuildFile</string>
		</dict>
		<key>901F613E180B30F900A4D26B</key>
		<dict>
			<key>fileEncoding</key>
			<string>4</string>
			<key>isa</key>
			<string>PBXFileReference</string>
			<key>lastKnownFileType</key>
			<string>sourcecode.c.objc</string>
			<key>path</key>
			<string>NSDictionary_LINQ_Sets_Tests.m</string>
			<key>sourceTree</key>
			<string>&lt;group&gt;</string>
		</dict>
		<key>901F613F180B30F900A4D26B</key>
		<dict>
			<key>fileRef</key>
			<string>901F613E180B30F900A4D26B</string>
			<key>isa</key>
			<string>PBXBuildFile</string>
		</dict>
		<key>901F6142180B311C00A4D26B</key>
		<dict>
			<key>fileEncoding</key>
			<string>4</string>
			<key>isa</key>
			<string>PBXFileReference</string>
			<key>lastKnownFileType</key>
			<string>sourcecode.c.objc</string>
			<key>path</key>
			<string>NSDictionary_LINQ_Quantifier_Tests.m</string>
			<key>sourceTree</key>
			<string>&lt;group&gt;</string>
		</dict>
		<key>901F6143180B311C00A4D26B</key>
		<dict>
			<key>fileRef</key>
			<string>901F6142180B311C00A4D26B</string>
			<key>isa</key>
			<string>PBXBuildFile</string>
		</dict>
		<key>9028A80A1776F8E1004B3C97</key>
		<dict>
			<key>fileEncoding</key>
			<string>4</string>
			<key>isa</key>
			<string>PBXFileReference</string>
			<key>lastKnownFileType</key>
			<string>sourcecode.c.objc</string>
			<key>path</key>
			<string>NSArray_LINQ_Sets_Tests.m</string>
			<key>sourceTree</key>
			<string>&lt;group&gt;</string>
		</dict>
		<key>9028A80B1776F8E1004B3C97</key>
		<dict>
			<key>fileRef</key>
			<string>9028A80A1776F8E1004B3C97</string>
			<key>isa</key>
			<string>PBXBuildFile</string>
		</dict>
		<key>9028A8151776FB2A004B3C97</key>
		<dict>
			<key>fileEncoding</key>
			<string>4</string>
			<key>isa</key>
			<string>PBXFileReference</string>
			<key>lastKnownFileType</key>
			<string>sourcecode.c.objc</string>
			<key>path</key>
			<string>NSArray_LINQ_Quantifier_Tests.m</string>
			<key>sourceTree</key>
			<string>&lt;group&gt;</string>
		</dict>
		<key>9028A8161776FB2A004B3C97</key>
		<dict>
			<key>fileRef</key>
			<string>9028A8151776FB2A004B3C97</string>
			<key>isa</key>
			<string>PBXBuildFile</string>
		</dict>
		<key>9028A8171776FB84004B3C97</key>
		<dict>
			<key>fileEncoding</key>
			<string>4</string>
			<key>isa</key>
			<string>PBXFileReference</string>
			<key>lastKnownFileType</key>
			<string>sourcecode.c.objc</string>
			<key>path</key>
			<string>NSArray_LINQ_Sorting_Tests.m</string>
			<key>sourceTree</key>
			<string>&lt;group&gt;</string>
		</dict>
		<key>9028A8181776FB84004B3C97</key>
		<dict>
			<key>fileRef</key>
			<string>9028A8171776FB84004B3C97</string>
			<key>isa</key>
			<string>PBXBuildFile</string>
		</dict>
		<key>9028A8191776FB98004B3C97</key>
		<dict>
			<key>fileEncoding</key>
			<string>4</string>
			<key>isa</key>
			<string>PBXFileReference</string>
			<key>lastKnownFileType</key>
			<string>sourcecode.c.objc</string>
			<key>path</key>
			<string>NSArray_LINQ_Converting_Tests.m</string>
			<key>sourceTree</key>
			<string>&lt;group&gt;</string>
		</dict>
		<key>9028A81A1776FB98004B3C97</key>
		<dict>
			<key>fileRef</key>
			<string>9028A8191776FB98004B3C97</string>
			<key>isa</key>
			<string>PBXBuildFile</string>
		</dict>
		<key>90373B4717764CFD009511C4</key>
		<dict>
			<key>fileEncoding</key>
			<string>4</string>
			<key>isa</key>
			<string>PBXFileReference</string>
			<key>lastKnownFileType</key>
			<string>sourcecode.c.objc</string>
			<key>path</key>
			<string>NSArray_LINQ_Aggregation_Tests.m</string>
			<key>sourceTree</key>
			<string>&lt;group&gt;</string>
		</dict>
		<key>90373B4817764CFD009511C4</key>
		<dict>
			<key>fileRef</key>
			<string>90373B4717764CFD009511C4</string>
			<key>isa</key>
			<string>PBXBuildFile</string>
		</dict>
		<key>90373B4C17764E6A009511C4</key>
		<dict>
			<key>fileEncoding</key>
			<string>4</string>
			<key>isa</key>
			<string>PBXFileReference</string>
			<key>lastKnownFileType</key>
			<string>sourcecode.c.objc</string>
			<key>path</key>
			<string>NSArray_LINQ_Filtering_Tests.m</string>
			<key>sourceTree</key>
			<string>&lt;group&gt;</string>
		</dict>
		<key>90373B4D17764E6A009511C4</key>
		<dict>
			<key>fileRef</key>
			<string>90373B4C17764E6A009511C4</string>
			<key>isa</key>
			<string>PBXBuildFile</string>
		</dict>
		<key>90373B5717764F7F009511C4</key>
		<dict>
			<key>fileEncoding</key>
			<string>4</string>
			<key>isa</key>
			<string>PBXFileReference</string>
			<key>lastKnownFileType</key>
			<string>sourcecode.c.objc</string>
			<key>path</key>
			<string>NSArray_LINQ_Grouping_Tests.m</string>
			<key>sourceTree</key>
			<string>&lt;group&gt;</string>
		</dict>
		<key>90373B5817764F7F009511C4</key>
		<dict>
			<key>fileRef</key>
			<string>90373B5717764F7F009511C4</string>
			<key>isa</key>
			<string>PBXBuildFile</string>
		</dict>
		<key>90373B5917764F90009511C4</key>
		<dict>
			<key>fileEncoding</key>
			<string>4</string>
			<key>isa</key>
			<string>PBXFileReference</string>
			<key>lastKnownFileType</key>
			<string>sourcecode.c.objc</string>
			<key>path</key>
			<string>NSArray_LINQ_Partitioning_Tests.m</string>
			<key>sourceTree</key>
			<string>&lt;group&gt;</string>
		</dict>
		<key>90373B5A17764F90009511C4</key>
		<dict>
			<key>fileRef</key>
			<string>90373B5917764F90009511C4</string>
			<key>isa</key>
			<string>PBXBuildFile</string>
		</dict>
		<key>90373B5B17764F9E009511C4</key>
		<dict>
			<key>fileEncoding</key>
			<string>4</string>
			<key>isa</key>
			<string>PBXFileReference</string>
			<key>lastKnownFileType</key>
			<string>sourcecode.c.objc</string>
			<key>path</key>
			<string>NSArray_LINQ_Projection_Tests.m</string>
			<key>sourceTree</key>
			<string>&lt;group&gt;</string>
		</dict>
		<key>90373B5C17764F9E009511C4</key>
		<dict>
			<key>fileRef</key>
			<string>90373B5B17764F9E009511C4</string>
			<key>isa</key>
			<string>PBXBuildFile</string>
		</dict>
		<key>906FACB0180A093500F26554</key>
		<dict>
			<key>fileEncoding</key>
			<string>4</string>
			<key>isa</key>
			<string>PBXFileReference</string>
			<key>lastKnownFileType</key>
			<string>sourcecode.c.objc</string>
			<key>path</key>
			<string>NSDictionary_LINQ_Generation_Tests.m</string>
			<key>sourceTree</key>
			<string>&lt;group&gt;</string>
		</dict>
		<key>906FACB1180A093500F26554</key>
		<dict>
			<key>fileRef</key>
			<string>906FACB0180A093500F26554</string>
			<key>isa</key>
			<string>PBXBuildFile</string>
		</dict>
		<key>906FACB2180A094400F26554</key>
		<dict>
			<key>fileEncoding</key>
			<string>4</string>
			<key>isa</key>
			<string>PBXFileReference</string>
			<key>lastKnownFileType</key>
			<string>sourcecode.c.objc</string>
			<key>path</key>
			<string>NSDictionary_LINQ_Aggregation_Tests.m</string>
			<key>sourceTree</key>
			<string>&lt;group&gt;</string>
		</dict>
		<key>906FACB3180A094400F26554</key>
		<dict>
			<key>fileRef</key>
			<string>906FACB2180A094400F26554</string>
			<key>isa</key>
			<string>PBXBuildFile</string>
		</dict>
		<key>906FACB4180A095900F26554</key>
		<dict>
			<key>fileEncoding</key>
			<string>4</string>
			<key>isa</key>
			<string>PBXFileReference</string>
			<key>lastKnownFileType</key>
			<string>sourcecode.c.objc</string>
			<key>path</key>
			<string>NSDictionary_LINQ_Converting_Tests.m</string>
			<key>sourceTree</key>
			<string>&lt;group&gt;</string>
		</dict>
		<key>906FACB5180A095900F26554</key>
		<dict>
			<key>fileRef</key>
			<string>906FACB4180A095900F26554</string>
			<key>isa</key>
			<string>PBXBuildFile</string>
		</dict>
		<key>906FACB6180A096C00F26554</key>
		<dict>
			<key>fileEncoding</key>
			<string>4</string>
			<key>isa</key>
			<string>PBXFileReference</string>
			<key>lastKnownFileType</key>
			<string>sourcecode.c.objc</string>
			<key>path</key>
			<string>NSDictionary_LINQ_Filtering_Tests.m</string>
			<key>sourceTree</key>
			<string>&lt;group&gt;</string>
		</dict>
		<key>906FACB7180A096C00F26554</key>
		<dict>
			<key>fileRef</key>
			<string>906FACB6180A096C00F26554</string>
			<key>isa</key>
			<string>PBXBuildFile</string>
		</dict>
		<key>90898FF41775E1C100AA935C</key>
		<dict>
			<key>children</key>
			<array>
				<string>908990061775E1C100AA935C</string>
				<string>908990241775E1C100AA935C</string>
				<string>90898FFF1775E1C100AA935C</string>
				<string>90898FFE1775E1C100AA935C</string>
				<string>256428A2A7AB6AA04D2C6BCF</string>
			</array>
			<key>isa</key>
			<string>PBXGroup</string>
			<key>sourceTree</key>
			<string>&lt;group&gt;</string>
		</dict>
		<key>90898FF51775E1C100AA935C</key>
		<dict>
			<key>attributes</key>
			<dict>
				<key>LastUpgradeCheck</key>
				<string>0500</string>
				<key>ORGANIZATIONNAME</key>
				<string>Michal Konturek</string>
			</dict>
			<key>buildConfigurationList</key>
			<string>90898FF81775E1C100AA935C</string>
			<key>compatibilityVersion</key>
			<string>Xcode 3.2</string>
			<key>developmentRegion</key>
			<string>English</string>
			<key>hasScannedForEncodings</key>
			<string>0</string>
			<key>isa</key>
			<string>PBXProject</string>
			<key>knownRegions</key>
			<array>
				<string>en</string>
			</array>
			<key>mainGroup</key>
			<string>90898FF41775E1C100AA935C</string>
			<key>productRefGroup</key>
			<string>90898FFE1775E1C100AA935C</string>
			<key>projectDirPath</key>
			<string></string>
			<key>projectReferences</key>
			<array/>
			<key>projectRoot</key>
			<string></string>
			<key>targets</key>
			<array>
				<string>90898FFC1775E1C100AA935C</string>
				<string>9089901C1775E1C100AA935C</string>
			</array>
		</dict>
		<key>90898FF81775E1C100AA935C</key>
		<dict>
			<key>buildConfigurations</key>
			<array>
				<string>9089902D1775E1C100AA935C</string>
				<string>9089902E1775E1C100AA935C</string>
			</array>
			<key>defaultConfigurationIsVisible</key>
			<string>0</string>
			<key>defaultConfigurationName</key>
			<string>Release</string>
			<key>isa</key>
			<string>XCConfigurationList</string>
		</dict>
		<key>90898FF91775E1C100AA935C</key>
		<dict>
			<key>buildActionMask</key>
			<string>2147483647</string>
			<key>files</key>
			<array>
				<string>90F112CB189AD48100380A0D</string>
				<string>90F112C2189AD48100380A0D</string>
				<string>90F112D0189AD57600380A0D</string>
				<string>90F112C7189AD48100380A0D</string>
				<string>90F112C8189AD48100380A0D</string>
				<string>90F112C5189AD48100380A0D</string>
				<string>90F112C4189AD48100380A0D</string>
				<string>90F112BF189AD48100380A0D</string>
				<string>90F112D3189AD5A200380A0D</string>
				<string>9089900D1775E1C100AA935C</string>
				<string>90F112CC189AD48100380A0D</string>
				<string>90F112BD189AD48100380A0D</string>
				<string>90F112CA189AD48100380A0D</string>
				<string>90F112C6189AD48100380A0D</string>
				<string>908990111775E1C100AA935C</string>
				<string>90F112C9189AD48100380A0D</string>
				<string>90F112C1189AD48100380A0D</string>
				<string>90F112C3189AD48100380A0D</string>
				<string>90F112BE189AD48100380A0D</string>
				<string>90F112BC189AD48100380A0D</string>
				<string>90F112C0189AD48100380A0D</string>
			</array>
			<key>isa</key>
			<string>PBXSourcesBuildPhase</string>
			<key>runOnlyForDeploymentPostprocessing</key>
			<string>0</string>
		</dict>
		<key>90898FFA1775E1C100AA935C</key>
		<dict>
			<key>buildActionMask</key>
			<string>2147483647</string>
			<key>files</key>
			<array>
				<string>908990011775E1C100AA935C</string>
				<string>908990031775E1C100AA935C</string>
				<string>908990051775E1C100AA935C</string>
			</array>
			<key>isa</key>
			<string>PBXFrameworksBuildPhase</string>
			<key>runOnlyForDeploymentPostprocessing</key>
			<string>0</string>
		</dict>
		<key>90898FFB1775E1C100AA935C</key>
		<dict>
			<key>buildActionMask</key>
			<string>2147483647</string>
			<key>files</key>
			<array>
				<string>9089900B1775E1C100AA935C</string>
				<string>908990131775E1C100AA935C</string>
				<string>908990151775E1C100AA935C</string>
				<string>908990171775E1C100AA935C</string>
			</array>
			<key>isa</key>
			<string>PBXResourcesBuildPhase</string>
			<key>runOnlyForDeploymentPostprocessing</key>
			<string>0</string>
		</dict>
		<key>90898FFC1775E1C100AA935C</key>
		<dict>
			<key>buildConfigurationList</key>
			<string>9089902F1775E1C100AA935C</string>
			<key>buildPhases</key>
			<array>
				<string>90898FF91775E1C100AA935C</string>
				<string>90898FFA1775E1C100AA935C</string>
				<string>90898FFB1775E1C100AA935C</string>
			</array>
			<key>buildRules</key>
			<array/>
			<key>dependencies</key>
			<array/>
			<key>isa</key>
			<string>PBXNativeTarget</string>
			<key>name</key>
			<string>LINQ</string>
			<key>productName</key>
			<string>LINQ</string>
			<key>productReference</key>
			<string>90898FFD1775E1C100AA935C</string>
			<key>productType</key>
			<string>com.apple.product-type.application</string>
		</dict>
		<key>90898FFD1775E1C100AA935C</key>
		<dict>
			<key>explicitFileType</key>
			<string>wrapper.application</string>
			<key>includeInIndex</key>
			<string>0</string>
			<key>isa</key>
			<string>PBXFileReference</string>
			<key>path</key>
			<string>LINQ.app</string>
			<key>sourceTree</key>
			<string>BUILT_PRODUCTS_DIR</string>
		</dict>
		<key>90898FFE1775E1C100AA935C</key>
		<dict>
			<key>children</key>
			<array>
				<string>90898FFD1775E1C100AA935C</string>
				<string>9089901D1775E1C100AA935C</string>
			</array>
			<key>isa</key>
			<string>PBXGroup</string>
			<key>name</key>
			<string>Products</string>
			<key>sourceTree</key>
			<string>&lt;group&gt;</string>
		</dict>
		<key>90898FFF1775E1C100AA935C</key>
		<dict>
			<key>children</key>
			<array>
				<string>908990001775E1C100AA935C</string>
				<string>908990021775E1C100AA935C</string>
				<string>908990041775E1C100AA935C</string>
				<string>9089901E1775E1C100AA935C</string>
				<string>8716CDB13CE249B1BD7F7BDC</string>
			</array>
			<key>isa</key>
			<string>PBXGroup</string>
			<key>name</key>
			<string>Frameworks</string>
			<key>sourceTree</key>
			<string>&lt;group&gt;</string>
		</dict>
		<key>908990001775E1C100AA935C</key>
		<dict>
			<key>isa</key>
			<string>PBXFileReference</string>
			<key>lastKnownFileType</key>
			<string>wrapper.framework</string>
			<key>name</key>
			<string>UIKit.framework</string>
			<key>path</key>
			<string>System/Library/Frameworks/UIKit.framework</string>
			<key>sourceTree</key>
			<string>SDKROOT</string>
		</dict>
		<key>908990011775E1C100AA935C</key>
		<dict>
			<key>fileRef</key>
			<string>908990001775E1C100AA935C</string>
			<key>isa</key>
			<string>PBXBuildFile</string>
		</dict>
		<key>908990021775E1C100AA935C</key>
		<dict>
			<key>isa</key>
			<string>PBXFileReference</string>
			<key>lastKnownFileType</key>
			<string>wrapper.framework</string>
			<key>name</key>
			<string>Foundation.framework</string>
			<key>path</key>
			<string>System/Library/Frameworks/Foundation.framework</string>
			<key>sourceTree</key>
			<string>SDKROOT</string>
		</dict>
		<key>908990031775E1C100AA935C</key>
		<dict>
			<key>fileRef</key>
			<string>908990021775E1C100AA935C</string>
			<key>isa</key>
			<string>PBXBuildFile</string>
		</dict>
		<key>908990041775E1C100AA935C</key>
		<dict>
			<key>isa</key>
			<string>PBXFileReference</string>
			<key>lastKnownFileType</key>
			<string>wrapper.framework</string>
			<key>name</key>
			<string>CoreGraphics.framework</string>
			<key>path</key>
			<string>System/Library/Frameworks/CoreGraphics.framework</string>
			<key>sourceTree</key>
			<string>SDKROOT</string>
		</dict>
		<key>908990051775E1C100AA935C</key>
		<dict>
			<key>fileRef</key>
			<string>908990041775E1C100AA935C</string>
			<key>isa</key>
			<string>PBXBuildFile</string>
		</dict>
		<key>908990061775E1C100AA935C</key>
		<dict>
			<key>children</key>
			<array>
				<string>90F112CD189AD4BA00380A0D</string>
				<string>90F11292189AD48100380A0D</string>
				<string>9089900F1775E1C100AA935C</string>
				<string>908990101775E1C100AA935C</string>
				<string>908990071775E1C100AA935C</string>
			</array>
			<key>isa</key>
			<string>PBXGroup</string>
			<key>path</key>
			<string>LINQ</string>
			<key>sourceTree</key>
			<string>&lt;group&gt;</string>
		</dict>
		<key>908990071775E1C100AA935C</key>
		<dict>
			<key>children</key>
			<array>
				<string>908990081775E1C100AA935C</string>
				<string>908990091775E1C100AA935C</string>
				<string>9089900C1775E1C100AA935C</string>
				<string>9089900E1775E1C100AA935C</string>
				<string>908990121775E1C100AA935C</string>
				<string>908990141775E1C100AA935C</string>
				<string>908990161775E1C100AA935C</string>
			</array>
			<key>isa</key>
			<string>PBXGroup</string>
			<key>name</key>
			<string>Supporting Files</string>
			<key>sourceTree</key>
			<string>&lt;group&gt;</string>
		</dict>
		<key>908990081775E1C100AA935C</key>
		<dict>
			<key>isa</key>
			<string>PBXFileReference</string>
			<key>lastKnownFileType</key>
			<string>text.plist.xml</string>
			<key>path</key>
			<string>LINQ-Info.plist</string>
			<key>sourceTree</key>
			<string>&lt;group&gt;</string>
		</dict>
		<key>908990091775E1C100AA935C</key>
		<dict>
			<key>children</key>
			<array>
				<string>9089900A1775E1C100AA935C</string>
			</array>
			<key>isa</key>
			<string>PBXVariantGroup</string>
			<key>name</key>
			<string>InfoPlist.strings</string>
			<key>sourceTree</key>
			<string>&lt;group&gt;</string>
		</dict>
		<key>9089900A1775E1C100AA935C</key>
		<dict>
			<key>isa</key>
			<string>PBXFileReference</string>
			<key>lastKnownFileType</key>
			<string>text.plist.strings</string>
			<key>name</key>
			<string>en</string>
			<key>path</key>
			<string>en.lproj/InfoPlist.strings</string>
			<key>sourceTree</key>
			<string>&lt;group&gt;</string>
		</dict>
		<key>9089900B1775E1C100AA935C</key>
		<dict>
			<key>fileRef</key>
			<string>908990091775E1C100AA935C</string>
			<key>isa</key>
			<string>PBXBuildFile</string>
		</dict>
		<key>9089900C1775E1C100AA935C</key>
		<dict>
			<key>isa</key>
			<string>PBXFileReference</string>
			<key>lastKnownFileType</key>
			<string>sourcecode.c.objc</string>
			<key>path</key>
			<string>main.m</string>
			<key>sourceTree</key>
			<string>&lt;group&gt;</string>
		</dict>
		<key>9089900D1775E1C100AA935C</key>
		<dict>
			<key>fileRef</key>
			<string>9089900C1775E1C100AA935C</string>
			<key>isa</key>
			<string>PBXBuildFile</string>
		</dict>
		<key>9089900E1775E1C100AA935C</key>
		<dict>
			<key>isa</key>
			<string>PBXFileReference</string>
			<key>lastKnownFileType</key>
			<string>sourcecode.c.h</string>
			<key>path</key>
			<string>LINQ-Prefix.pch</string>
			<key>sourceTree</key>
			<string>&lt;group&gt;</string>
		</dict>
		<key>9089900F1775E1C100AA935C</key>
		<dict>
			<key>isa</key>
			<string>PBXFileReference</string>
			<key>lastKnownFileType</key>
			<string>sourcecode.c.h</string>
			<key>path</key>
			<string>AppDelegate.h</string>
			<key>sourceTree</key>
			<string>&lt;group&gt;</string>
		</dict>
		<key>908990101775E1C100AA935C</key>
		<dict>
			<key>isa</key>
			<string>PBXFileReference</string>
			<key>lastKnownFileType</key>
			<string>sourcecode.c.objc</string>
			<key>path</key>
			<string>AppDelegate.m</string>
			<key>sourceTree</key>
			<string>&lt;group&gt;</string>
		</dict>
		<key>908990111775E1C100AA935C</key>
		<dict>
			<key>fileRef</key>
			<string>908990101775E1C100AA935C</string>
			<key>isa</key>
			<string>PBXBuildFile</string>
		</dict>
		<key>908990121775E1C100AA935C</key>
		<dict>
			<key>isa</key>
			<string>PBXFileReference</string>
			<key>lastKnownFileType</key>
			<string>image.png</string>
			<key>path</key>
			<string>Default.png</string>
			<key>sourceTree</key>
			<string>&lt;group&gt;</string>
		</dict>
		<key>908990131775E1C100AA935C</key>
		<dict>
			<key>fileRef</key>
			<string>908990121775E1C100AA935C</string>
			<key>isa</key>
			<string>PBXBuildFile</string>
		</dict>
		<key>908990141775E1C100AA935C</key>
		<dict>
			<key>isa</key>
			<string>PBXFileReference</string>
			<key>lastKnownFileType</key>
			<string>image.png</string>
			<key>path</key>
			<string>Default@2x.png</string>
			<key>sourceTree</key>
			<string>&lt;group&gt;</string>
		</dict>
		<key>908990151775E1C100AA935C</key>
		<dict>
			<key>fileRef</key>
			<string>908990141775E1C100AA935C</string>
			<key>isa</key>
			<string>PBXBuildFile</string>
		</dict>
		<key>908990161775E1C100AA935C</key>
		<dict>
			<key>isa</key>
			<string>PBXFileReference</string>
			<key>lastKnownFileType</key>
			<string>image.png</string>
			<key>path</key>
			<string>Default-568h@2x.png</string>
			<key>sourceTree</key>
			<string>&lt;group&gt;</string>
		</dict>
		<key>908990171775E1C100AA935C</key>
		<dict>
			<key>fileRef</key>
			<string>908990161775E1C100AA935C</string>
			<key>isa</key>
			<string>PBXBuildFile</string>
		</dict>
		<key>908990181775E1C100AA935C</key>
		<dict>
			<key>buildActionMask</key>
			<string>2147483647</string>
			<key>files</key>
			<array>
				<string>9028A8181776FB84004B3C97</string>
				<string>9028A80B1776F8E1004B3C97</string>
				<string>901F6134180B23DA00A4D26B</string>
				<string>901F613F180B30F900A4D26B</string>
				<string>90373B4D17764E6A009511C4</string>
				<string>901F6143180B311C00A4D26B</string>
				<string>90373B4817764CFD009511C4</string>
				<string>90B4221E1775EBD5007DAF99</string>
				<string>906FACB1180A093500F26554</string>
				<string>90373B5A17764F90009511C4</string>
				<string>90373B5817764F7F009511C4</string>
				<string>9028A8161776FB2A004B3C97</string>
				<string>906FACB7180A096C00F26554</string>
				<string>90373B5C17764F9E009511C4</string>
				<string>9028A81A1776FB98004B3C97</string>
				<string>906FACB3180A094400F26554</string>
				<string>906FACB5180A095900F26554</string>
			</array>
			<key>isa</key>
			<string>PBXSourcesBuildPhase</string>
			<key>runOnlyForDeploymentPostprocessing</key>
			<string>0</string>
		</dict>
		<key>908990191775E1C100AA935C</key>
		<dict>
			<key>buildActionMask</key>
			<string>2147483647</string>
			<key>files</key>
			<array>
				<string>9089901F1775E1C100AA935C</string>
				<string>908990201775E1C100AA935C</string>
				<string>908990211775E1C100AA935C</string>
				<string>006E12F887514157AE57B0B7</string>
			</array>
			<key>isa</key>
			<string>PBXFrameworksBuildPhase</string>
			<key>runOnlyForDeploymentPostprocessing</key>
			<string>0</string>
		</dict>
		<key>9089901A1775E1C100AA935C</key>
		<dict>
			<key>buildActionMask</key>
			<string>2147483647</string>
			<key>files</key>
			<array>
				<string>908990291775E1C100AA935C</string>
			</array>
			<key>isa</key>
			<string>PBXResourcesBuildPhase</string>
			<key>runOnlyForDeploymentPostprocessing</key>
			<string>0</string>
		</dict>
		<key>9089901B1775E1C100AA935C</key>
		<dict>
			<key>buildActionMask</key>
			<string>2147483647</string>
			<key>files</key>
			<array/>
			<key>inputPaths</key>
			<array/>
			<key>isa</key>
			<string>PBXShellScriptBuildPhase</string>
			<key>outputPaths</key>
			<array/>
			<key>runOnlyForDeploymentPostprocessing</key>
			<string>0</string>
			<key>shellPath</key>
			<string>/bin/sh</string>
			<key>shellScript</key>
			<string># Run the unit tests in this test bundle.
"${SYSTEM_DEVELOPER_DIR}/Tools/RunUnitTests"
</string>
		</dict>
		<key>9089901C1775E1C100AA935C</key>
		<dict>
			<key>buildConfigurationList</key>
			<string>908990321775E1C100AA935C</string>
			<key>buildPhases</key>
			<array>
				<string>502139E3FDC7430BBC3A7857</string>
				<string>908990181775E1C100AA935C</string>
				<string>908990191775E1C100AA935C</string>
				<string>9089901A1775E1C100AA935C</string>
				<string>9089901B1775E1C100AA935C</string>
				<string>684949FAD0434EC5932260C3</string>
			</array>
			<key>buildRules</key>
			<array/>
			<key>dependencies</key>
			<array>
				<string>908990231775E1C100AA935C</string>
			</array>
			<key>isa</key>
			<string>PBXNativeTarget</string>
			<key>name</key>
			<string>LINQTests</string>
			<key>productName</key>
			<string>LINQTests</string>
			<key>productReference</key>
			<string>9089901D1775E1C100AA935C</string>
			<key>productType</key>
			<string>com.apple.product-type.bundle</string>
		</dict>
		<key>9089901D1775E1C100AA935C</key>
		<dict>
			<key>explicitFileType</key>
			<string>wrapper.cfbundle</string>
			<key>includeInIndex</key>
			<string>0</string>
			<key>isa</key>
			<string>PBXFileReference</string>
			<key>path</key>
			<string>LINQTests.octest</string>
			<key>sourceTree</key>
			<string>BUILT_PRODUCTS_DIR</string>
		</dict>
		<key>9089901E1775E1C100AA935C</key>
		<dict>
			<key>isa</key>
			<string>PBXFileReference</string>
			<key>lastKnownFileType</key>
			<string>wrapper.framework</string>
			<key>name</key>
			<string>SenTestingKit.framework</string>
			<key>path</key>
			<string>Library/Frameworks/SenTestingKit.framework</string>
			<key>sourceTree</key>
			<string>DEVELOPER_DIR</string>
		</dict>
		<key>9089901F1775E1C100AA935C</key>
		<dict>
			<key>fileRef</key>
			<string>9089901E1775E1C100AA935C</string>
			<key>isa</key>
			<string>PBXBuildFile</string>
		</dict>
		<key>908990201775E1C100AA935C</key>
		<dict>
			<key>fileRef</key>
			<string>908990001775E1C100AA935C</string>
			<key>isa</key>
			<string>PBXBuildFile</string>
		</dict>
		<key>908990211775E1C100AA935C</key>
		<dict>
			<key>fileRef</key>
			<string>908990021775E1C100AA935C</string>
			<key>isa</key>
			<string>PBXBuildFile</string>
		</dict>
		<key>908990221775E1C100AA935C</key>
		<dict>
			<key>containerPortal</key>
			<string>90898FF51775E1C100AA935C</string>
			<key>isa</key>
			<string>PBXContainerItemProxy</string>
			<key>proxyType</key>
			<string>1</string>
			<key>remoteGlobalIDString</key>
			<string>90898FFC1775E1C100AA935C</string>
			<key>remoteInfo</key>
			<string>LINQ</string>
		</dict>
		<key>908990231775E1C100AA935C</key>
		<dict>
			<key>isa</key>
			<string>PBXTargetDependency</string>
			<key>target</key>
			<string>90898FFC1775E1C100AA935C</string>
			<key>targetProxy</key>
			<string>908990221775E1C100AA935C</string>
		</dict>
		<key>908990241775E1C100AA935C</key>
		<dict>
			<key>children</key>
			<array>
				<string>90B422091775E817007DAF99</string>
				<string>90B4220B1775E817007DAF99</string>
				<string>90B4221A1775EAFE007DAF99</string>
				<string>908990251775E1C100AA935C</string>
			</array>
			<key>isa</key>
			<string>PBXGroup</string>
			<key>path</key>
			<string>LINQTests</string>
			<key>sourceTree</key>
			<string>&lt;group&gt;</string>
		</dict>
		<key>908990251775E1C100AA935C</key>
		<dict>
			<key>children</key>
			<array>
				<string>908990261775E1C100AA935C</string>
				<string>908990271775E1C100AA935C</string>
			</array>
			<key>isa</key>
			<string>PBXGroup</string>
			<key>name</key>
			<string>Supporting Files</string>
			<key>sourceTree</key>
			<string>&lt;group&gt;</string>
		</dict>
		<key>908990261775E1C100AA935C</key>
		<dict>
			<key>isa</key>
			<string>PBXFileReference</string>
			<key>lastKnownFileType</key>
			<string>text.plist.xml</string>
			<key>path</key>
			<string>LINQTests-Info.plist</string>
			<key>sourceTree</key>
			<string>&lt;group&gt;</string>
		</dict>
		<key>908990271775E1C100AA935C</key>
		<dict>
			<key>children</key>
			<array>
				<string>908990281775E1C100AA935C</string>
			</array>
			<key>isa</key>
			<string>PBXVariantGroup</string>
			<key>name</key>
			<string>InfoPlist.strings</string>
			<key>sourceTree</key>
			<string>&lt;group&gt;</string>
		</dict>
		<key>908990281775E1C100AA935C</key>
		<dict>
			<key>isa</key>
			<string>PBXFileReference</string>
			<key>lastKnownFileType</key>
			<string>text.plist.strings</string>
			<key>name</key>
			<string>en</string>
			<key>path</key>
			<string>en.lproj/InfoPlist.strings</string>
			<key>sourceTree</key>
			<string>&lt;group&gt;</string>
		</dict>
		<key>908990291775E1C100AA935C</key>
		<dict>
			<key>fileRef</key>
			<string>908990271775E1C100AA935C</string>
			<key>isa</key>
			<string>PBXBuildFile</string>
		</dict>
		<key>9089902D1775E1C100AA935C</key>
		<dict>
			<key>buildSettings</key>
			<dict>
				<key>ALWAYS_SEARCH_USER_PATHS</key>
				<string>YES</string>
				<key>CLANG_CXX_LANGUAGE_STANDARD</key>
				<string>gnu++0x</string>
				<key>CLANG_CXX_LIBRARY</key>
				<string>libc++</string>
				<key>CLANG_ENABLE_OBJC_ARC</key>
				<string>YES</string>
				<key>CLANG_WARN_CONSTANT_CONVERSION</key>
				<string>YES</string>
				<key>CLANG_WARN_EMPTY_BODY</key>
				<string>YES</string>
				<key>CLANG_WARN_ENUM_CONVERSION</key>
				<string>YES</string>
				<key>CLANG_WARN_INT_CONVERSION</key>
				<string>YES</string>
				<key>CLANG_WARN__DUPLICATE_METHOD_MATCH</key>
				<string>YES</string>
				<key>CODE_SIGN_IDENTITY[sdk=iphoneos*]</key>
				<string>iPhone Developer</string>
				<key>COPY_PHASE_STRIP</key>
				<string>NO</string>
				<key>GCC_C_LANGUAGE_STANDARD</key>
				<string>gnu99</string>
				<key>GCC_DYNAMIC_NO_PIC</key>
				<string>NO</string>
				<key>GCC_OPTIMIZATION_LEVEL</key>
				<string>0</string>
				<key>GCC_PREPROCESSOR_DEFINITIONS</key>
				<array>
					<string>DEBUG=1</string>
					<string>$(inherited)</string>
				</array>
				<key>GCC_SYMBOLS_PRIVATE_EXTERN</key>
				<string>NO</string>
				<key>GCC_WARN_ABOUT_RETURN_TYPE</key>
				<string>YES</string>
				<key>GCC_WARN_UNINITIALIZED_AUTOS</key>
				<string>YES</string>
				<key>GCC_WARN_UNUSED_VARIABLE</key>
				<string>YES</string>
				<key>IPHONEOS_DEPLOYMENT_TARGET</key>
				<string>6.1</string>
				<key>ONLY_ACTIVE_ARCH</key>
				<string>YES</string>
				<key>SDKROOT</key>
				<string>iphoneos</string>
				<key>USER_HEADER_SEARCH_PATHS</key>
				<string>$(SRCROOT)/**</string>
			</dict>
			<key>isa</key>
			<string>XCBuildConfiguration</string>
			<key>name</key>
			<string>Debug</string>
		</dict>
		<key>9089902E1775E1C100AA935C</key>
		<dict>
			<key>buildSettings</key>
			<dict>
				<key>ALWAYS_SEARCH_USER_PATHS</key>
				<string>YES</string>
				<key>CLANG_CXX_LANGUAGE_STANDARD</key>
				<string>gnu++0x</string>
				<key>CLANG_CXX_LIBRARY</key>
				<string>libc++</string>
				<key>CLANG_ENABLE_OBJC_ARC</key>
				<string>YES</string>
				<key>CLANG_WARN_CONSTANT_CONVERSION</key>
				<string>YES</string>
				<key>CLANG_WARN_EMPTY_BODY</key>
				<string>YES</string>
				<key>CLANG_WARN_ENUM_CONVERSION</key>
				<string>YES</string>
				<key>CLANG_WARN_INT_CONVERSION</key>
				<string>YES</string>
				<key>CLANG_WARN__DUPLICATE_METHOD_MATCH</key>
				<string>YES</string>
				<key>CODE_SIGN_IDENTITY[sdk=iphoneos*]</key>
				<string>iPhone Developer</string>
				<key>COPY_PHASE_STRIP</key>
				<string>YES</string>
				<key>GCC_C_LANGUAGE_STANDARD</key>
				<string>gnu99</string>
				<key>GCC_WARN_ABOUT_RETURN_TYPE</key>
				<string>YES</string>
				<key>GCC_WARN_UNINITIALIZED_AUTOS</key>
				<string>YES</string>
				<key>GCC_WARN_UNUSED_VARIABLE</key>
				<string>YES</string>
				<key>IPHONEOS_DEPLOYMENT_TARGET</key>
				<string>6.1</string>
				<key>ONLY_ACTIVE_ARCH</key>
				<string>YES</string>
				<key>OTHER_CFLAGS</key>
				<string>-DNS_BLOCK_ASSERTIONS=1</string>
				<key>SDKROOT</key>
				<string>iphoneos</string>
				<key>USER_HEADER_SEARCH_PATHS</key>
				<string>$(SRCROOT)/**</string>
				<key>VALIDATE_PRODUCT</key>
				<string>YES</string>
			</dict>
			<key>isa</key>
			<string>XCBuildConfiguration</string>
			<key>name</key>
			<string>Release</string>
		</dict>
		<key>9089902F1775E1C100AA935C</key>
		<dict>
			<key>buildConfigurations</key>
			<array>
				<string>908990301775E1C100AA935C</string>
				<string>908990311775E1C100AA935C</string>
			</array>
			<key>defaultConfigurationIsVisible</key>
			<string>0</string>
			<key>defaultConfigurationName</key>
			<string>Release</string>
			<key>isa</key>
			<string>XCConfigurationList</string>
		</dict>
		<key>908990301775E1C100AA935C</key>
		<dict>
			<key>buildSettings</key>
			<dict>
				<key>GCC_PRECOMPILE_PREFIX_HEADER</key>
				<string>YES</string>
				<key>GCC_PREFIX_HEADER</key>
				<string>LINQ/LINQ-Prefix.pch</string>
				<key>INFOPLIST_FILE</key>
				<string>LINQ/LINQ-Info.plist</string>
				<key>IPHONEOS_DEPLOYMENT_TARGET</key>
				<string>7.0</string>
				<key>PRODUCT_NAME</key>
				<string>$(TARGET_NAME)</string>
				<key>WRAPPER_EXTENSION</key>
				<string>app</string>
			</dict>
			<key>isa</key>
			<string>XCBuildConfiguration</string>
			<key>name</key>
			<string>Debug</string>
		</dict>
		<key>908990311775E1C100AA935C</key>
		<dict>
			<key>buildSettings</key>
			<dict>
				<key>GCC_PRECOMPILE_PREFIX_HEADER</key>
				<string>YES</string>
				<key>GCC_PREFIX_HEADER</key>
				<string>LINQ/LINQ-Prefix.pch</string>
				<key>INFOPLIST_FILE</key>
				<string>LINQ/LINQ-Info.plist</string>
				<key>IPHONEOS_DEPLOYMENT_TARGET</key>
				<string>7.0</string>
				<key>PRODUCT_NAME</key>
				<string>$(TARGET_NAME)</string>
				<key>WRAPPER_EXTENSION</key>
				<string>app</string>
			</dict>
			<key>isa</key>
			<string>XCBuildConfiguration</string>
			<key>name</key>
			<string>Release</string>
		</dict>
		<key>908990321775E1C100AA935C</key>
		<dict>
			<key>buildConfigurations</key>
			<array>
				<string>908990331775E1C100AA935C</string>
				<string>908990341775E1C100AA935C</string>
			</array>
			<key>defaultConfigurationIsVisible</key>
			<string>0</string>
			<key>defaultConfigurationName</key>
			<string>Release</string>
			<key>isa</key>
			<string>XCConfigurationList</string>
		</dict>
		<key>908990331775E1C100AA935C</key>
		<dict>
			<key>baseConfigurationReference</key>
			<string>15F083F72632BC8A2160E252</string>
			<key>buildSettings</key>
			<dict>
				<key>BUNDLE_LOADER</key>
				<string>$(BUILT_PRODUCTS_DIR)/LINQ.app/LINQ</string>
				<key>FRAMEWORK_SEARCH_PATHS</key>
				<array>
					<string>"$(SDKROOT)/Developer/Library/Frameworks"</string>
					<string>"$(DEVELOPER_LIBRARY_DIR)/Frameworks"</string>
				</array>
				<key>GCC_PRECOMPILE_PREFIX_HEADER</key>
				<string>YES</string>
				<key>GCC_PREFIX_HEADER</key>
				<string>LINQ/LINQ-Prefix.pch</string>
				<key>INFOPLIST_FILE</key>
				<string>LINQTests/LINQTests-Info.plist</string>
				<key>IPHONEOS_DEPLOYMENT_TARGET</key>
				<string>7.0</string>
				<key>PRODUCT_NAME</key>
				<string>$(TARGET_NAME)</string>
				<key>TEST_HOST</key>
				<string>$(BUNDLE_LOADER)</string>
				<key>WRAPPER_EXTENSION</key>
				<string>octest</string>
			</dict>
			<key>isa</key>
			<string>XCBuildConfiguration</string>
			<key>name</key>
			<string>Debug</string>
		</dict>
		<key>908990341775E1C100AA935C</key>
		<dict>
			<key>baseConfigurationReference</key>
			<string>47DCC961D9A805AFA2955EAE</string>
			<key>buildSettings</key>
			<dict>
				<key>BUNDLE_LOADER</key>
				<string>$(BUILT_PRODUCTS_DIR)/LINQ.app/LINQ</string>
				<key>FRAMEWORK_SEARCH_PATHS</key>
				<array>
					<string>"$(SDKROOT)/Developer/Library/Frameworks"</string>
					<string>"$(DEVELOPER_LIBRARY_DIR)/Frameworks"</string>
				</array>
				<key>GCC_PRECOMPILE_PREFIX_HEADER</key>
				<string>YES</string>
				<key>GCC_PREFIX_HEADER</key>
				<string>LINQ/LINQ-Prefix.pch</string>
				<key>INFOPLIST_FILE</key>
				<string>LINQTests/LINQTests-Info.plist</string>
				<key>IPHONEOS_DEPLOYMENT_TARGET</key>
				<string>7.0</string>
				<key>PRODUCT_NAME</key>
				<string>$(TARGET_NAME)</string>
				<key>TEST_HOST</key>
				<string>$(BUNDLE_LOADER)</string>
				<key>WRAPPER_EXTENSION</key>
				<string>octest</string>
			</dict>
			<key>isa</key>
			<string>XCBuildConfiguration</string>
			<key>name</key>
			<string>Release</string>
		</dict>
		<key>90B422091775E817007DAF99</key>
		<dict>
			<key>children</key>
			<array>
				<string>90373B4717764CFD009511C4</string>
				<string>9028A8191776FB98004B3C97</string>
				<string>90373B4C17764E6A009511C4</string>
				<string>90B4221D1775EBD5007DAF99</string>
				<string>90373B5717764F7F009511C4</string>
				<string>90373B5917764F90009511C4</string>
				<string>90373B5B17764F9E009511C4</string>
				<string>9028A8151776FB2A004B3C97</string>
				<string>9028A80A1776F8E1004B3C97</string>
				<string>9028A8171776FB84004B3C97</string>
			</array>
			<key>isa</key>
			<string>PBXGroup</string>
			<key>path</key>
			<string>NSArray+LINQ_Tests</string>
			<key>sourceTree</key>
			<string>&lt;group&gt;</string>
		</dict>
		<key>90B4220B1775E817007DAF99</key>
		<dict>
			<key>children</key>
			<array>
				<string>906FACB2180A094400F26554</string>
				<string>906FACB4180A095900F26554</string>
				<string>906FACB6180A096C00F26554</string>
				<string>906FACB0180A093500F26554</string>
				<string>901F6133180B23DA00A4D26B</string>
				<string>901F6142180B311C00A4D26B</string>
				<string>901F613E180B30F900A4D26B</string>
			</array>
			<key>isa</key>
			<string>PBXGroup</string>
			<key>path</key>
			<string>NSDictionary+LINQ_Tests</string>
			<key>sourceTree</key>
			<string>&lt;group&gt;</string>
		</dict>
		<key>90B4221A1775EAFE007DAF99</key>
		<dict>
			<key>fileEncoding</key>
			<string>4</string>
			<key>isa</key>
			<string>PBXFileReference</string>
			<key>lastKnownFileType</key>
			<string>sourcecode.c.h</string>
			<key>path</key>
			<string>LINQ_Base_Tests.h</string>
			<key>sourceTree</key>
			<string>&lt;group&gt;</string>
		</dict>
		<key>90B4221D1775EBD5007DAF99</key>
		<dict>
			<key>fileEncoding</key>
			<string>4</string>
			<key>isa</key>
			<string>PBXFileReference</string>
			<key>lastKnownFileType</key>
			<string>sourcecode.c.objc</string>
			<key>path</key>
			<string>NSArray_LINQ_Generation_Tests.m</string>
			<key>sourceTree</key>
			<string>&lt;group&gt;</string>
		</dict>
		<key>90B4221E1775EBD5007DAF99</key>
		<dict>
			<key>fileRef</key>
			<string>90B4221D1775EBD5007DAF99</string>
			<key>isa</key>
			<string>PBXBuildFile</string>
		</dict>
		<key>90F11292189AD48100380A0D</key>
		<dict>
			<key>children</key>
			<array>
				<string>90F11295189AD48100380A0D</string>
				<string>90F11293189AD48100380A0D</string>
				<string>90F11296189AD48100380A0D</string>
				<string>90F112AC189AD48100380A0D</string>
			</array>
			<key>isa</key>
			<string>PBXGroup</string>
			<key>name</key>
			<string>Source</string>
			<key>path</key>
			<string>../../Source</string>
			<key>sourceTree</key>
			<string>&lt;group&gt;</string>
		</dict>
		<key>90F11293189AD48100380A0D</key>
		<dict>
			<key>children</key>
			<array>
				<string>90F11294189AD48100380A0D</string>
			</array>
			<key>isa</key>
			<string>PBXGroup</string>
			<key>path</key>
			<string>Externals</string>
			<key>sourceTree</key>
			<string>&lt;group&gt;</string>
		</dict>
		<key>90F11294189AD48100380A0D</key>
		<dict>
			<key>fileEncoding</key>
			<string>4</string>
			<key>isa</key>
			<string>PBXFileReference</string>
			<key>lastKnownFileType</key>
			<string>sourcecode.c.h</string>
			<key>path</key>
			<string>MKMacros.h</string>
			<key>sourceTree</key>
			<string>&lt;group&gt;</string>
		</dict>
		<key>90F11295189AD48100380A0D</key>
		<dict>
			<key>fileEncoding</key>
			<string>4</string>
			<key>isa</key>
			<string>PBXFileReference</string>
			<key>lastKnownFileType</key>
			<string>sourcecode.c.h</string>
			<key>path</key>
			<string>LINQ.h</string>
			<key>sourceTree</key>
			<string>&lt;group&gt;</string>
		</dict>
		<key>90F11296189AD48100380A0D</key>
		<dict>
			<key>children</key>
			<array>
				<string>90F11297189AD48100380A0D</string>
				<string>90F11298189AD48100380A0D</string>
				<string>90F11299189AD48100380A0D</string>
				<string>90F1129A189AD48100380A0D</string>
				<string>90F1129B189AD48100380A0D</string>
				<string>90F1129C189AD48100380A0D</string>
				<string>90F1129D189AD48100380A0D</string>
				<string>90F1129E189AD48100380A0D</string>
				<string>90F1129F189AD48100380A0D</string>
				<string>90F112A0189AD48100380A0D</string>
				<string>90F112A1189AD48100380A0D</string>
				<string>90F112A2189AD48100380A0D</string>
				<string>90F112A3189AD48100380A0D</string>
				<string>90F112A4189AD48100380A0D</string>
				<string>90F112A5189AD48100380A0D</string>
				<string>90F112A6189AD48100380A0D</string>
				<string>90F112A7189AD48100380A0D</string>
				<string>90F112A8189AD48100380A0D</string>
				<string>90F112A9189AD48100380A0D</string>
				<string>90F112AA189AD48100380A0D</string>
				<string>90F112AB189AD48100380A0D</string>
			</array>
			<key>isa</key>
			<string>PBXGroup</string>
			<key>path</key>
			<string>NSArray+LINQ</string>
			<key>sourceTree</key>
			<string>&lt;group&gt;</string>
		</dict>
		<key>90F11297189AD48100380A0D</key>
		<dict>
			<key>fileEncoding</key>
			<string>4</string>
			<key>isa</key>
			<string>PBXFileReference</string>
			<key>lastKnownFileType</key>
			<string>sourcecode.c.h</string>
			<key>path</key>
			<string>NSArray+LINQ.h</string>
			<key>sourceTree</key>
			<string>&lt;group&gt;</string>
		</dict>
		<key>90F11298189AD48100380A0D</key>
		<dict>
			<key>fileEncoding</key>
			<string>4</string>
			<key>isa</key>
			<string>PBXFileReference</string>
			<key>lastKnownFileType</key>
			<string>sourcecode.c.h</string>
			<key>path</key>
			<string>NSArray+LINQ_Aggregation.h</string>
			<key>sourceTree</key>
			<string>&lt;group&gt;</string>
		</dict>
		<key>90F11299189AD48100380A0D</key>
		<dict>
			<key>fileEncoding</key>
			<string>4</string>
			<key>isa</key>
			<string>PBXFileReference</string>
			<key>lastKnownFileType</key>
			<string>sourcecode.c.objc</string>
			<key>path</key>
			<string>NSArray+LINQ_Aggregation.m</string>
			<key>sourceTree</key>
			<string>&lt;group&gt;</string>
		</dict>
		<key>90F1129A189AD48100380A0D</key>
		<dict>
			<key>fileEncoding</key>
			<string>4</string>
			<key>isa</key>
			<string>PBXFileReference</string>
			<key>lastKnownFileType</key>
			<string>sourcecode.c.h</string>
			<key>path</key>
			<string>NSArray+LINQ_Converting.h</string>
			<key>sourceTree</key>
			<string>&lt;group&gt;</string>
		</dict>
		<key>90F1129B189AD48100380A0D</key>
		<dict>
			<key>fileEncoding</key>
			<string>4</string>
			<key>isa</key>
			<string>PBXFileReference</string>
			<key>lastKnownFileType</key>
			<string>sourcecode.c.objc</string>
			<key>path</key>
			<string>NSArray+LINQ_Converting.m</string>
			<key>sourceTree</key>
			<string>&lt;group&gt;</string>
		</dict>
		<key>90F1129C189AD48100380A0D</key>
		<dict>
			<key>fileEncoding</key>
			<string>4</string>
			<key>isa</key>
			<string>PBXFileReference</string>
			<key>lastKnownFileType</key>
			<string>sourcecode.c.h</string>
			<key>path</key>
			<string>NSArray+LINQ_Filtering.h</string>
			<key>sourceTree</key>
			<string>&lt;group&gt;</string>
		</dict>
		<key>90F1129D189AD48100380A0D</key>
		<dict>
			<key>fileEncoding</key>
			<string>4</string>
			<key>isa</key>
			<string>PBXFileReference</string>
			<key>lastKnownFileType</key>
			<string>sourcecode.c.objc</string>
			<key>path</key>
			<string>NSArray+LINQ_Filtering.m</string>
			<key>sourceTree</key>
			<string>&lt;group&gt;</string>
		</dict>
		<key>90F1129E189AD48100380A0D</key>
		<dict>
			<key>fileEncoding</key>
			<string>4</string>
			<key>isa</key>
			<string>PBXFileReference</string>
			<key>lastKnownFileType</key>
			<string>sourcecode.c.h</string>
			<key>path</key>
			<string>NSArray+LINQ_Generation.h</string>
			<key>sourceTree</key>
			<string>&lt;group&gt;</string>
		</dict>
		<key>90F1129F189AD48100380A0D</key>
		<dict>
			<key>fileEncoding</key>
			<string>4</string>
			<key>isa</key>
			<string>PBXFileReference</string>
			<key>lastKnownFileType</key>
			<string>sourcecode.c.objc</string>
			<key>path</key>
			<string>NSArray+LINQ_Generation.m</string>
			<key>sourceTree</key>
			<string>&lt;group&gt;</string>
		</dict>
		<key>90F112A0189AD48100380A0D</key>
		<dict>
			<key>fileEncoding</key>
			<string>4</string>
			<key>isa</key>
			<string>PBXFileReference</string>
			<key>lastKnownFileType</key>
			<string>sourcecode.c.h</string>
			<key>path</key>
			<string>NSArray+LINQ_Grouping.h</string>
			<key>sourceTree</key>
			<string>&lt;group&gt;</string>
		</dict>
		<key>90F112A1189AD48100380A0D</key>
		<dict>
			<key>fileEncoding</key>
			<string>4</string>
			<key>isa</key>
			<string>PBXFileReference</string>
			<key>lastKnownFileType</key>
			<string>sourcecode.c.objc</string>
			<key>path</key>
			<string>NSArray+LINQ_Grouping.m</string>
			<key>sourceTree</key>
			<string>&lt;group&gt;</string>
		</dict>
		<key>90F112A2189AD48100380A0D</key>
		<dict>
			<key>fileEncoding</key>
			<string>4</string>
			<key>isa</key>
			<string>PBXFileReference</string>
			<key>lastKnownFileType</key>
			<string>sourcecode.c.h</string>
			<key>path</key>
			<string>NSArray+LINQ_Partitioning.h</string>
			<key>sourceTree</key>
			<string>&lt;group&gt;</string>
		</dict>
		<key>90F112A3189AD48100380A0D</key>
		<dict>
			<key>fileEncoding</key>
			<string>4</string>
			<key>isa</key>
			<string>PBXFileReference</string>
			<key>lastKnownFileType</key>
			<string>sourcecode.c.objc</string>
			<key>path</key>
			<string>NSArray+LINQ_Partitioning.m</string>
			<key>sourceTree</key>
			<string>&lt;group&gt;</string>
		</dict>
		<key>90F112A4189AD48100380A0D</key>
		<dict>
			<key>fileEncoding</key>
			<string>4</string>
			<key>isa</key>
			<string>PBXFileReference</string>
			<key>lastKnownFileType</key>
			<string>sourcecode.c.h</string>
			<key>path</key>
			<string>NSArray+LINQ_Projection.h</string>
			<key>sourceTree</key>
			<string>&lt;group&gt;</string>
		</dict>
		<key>90F112A5189AD48100380A0D</key>
		<dict>
			<key>fileEncoding</key>
			<string>4</string>
			<key>isa</key>
			<string>PBXFileReference</string>
			<key>lastKnownFileType</key>
			<string>sourcecode.c.objc</string>
			<key>path</key>
			<string>NSArray+LINQ_Projection.m</string>
			<key>sourceTree</key>
			<string>&lt;group&gt;</string>
		</dict>
		<key>90F112A6189AD48100380A0D</key>
		<dict>
			<key>fileEncoding</key>
			<string>4</string>
			<key>isa</key>
			<string>PBXFileReference</string>
			<key>lastKnownFileType</key>
			<string>sourcecode.c.h</string>
			<key>path</key>
			<string>NSArray+LINQ_Quantifier.h</string>
			<key>sourceTree</key>
			<string>&lt;group&gt;</string>
		</dict>
		<key>90F112A7189AD48100380A0D</key>
		<dict>
			<key>fileEncoding</key>
			<string>4</string>
			<key>isa</key>
			<string>PBXFileReference</string>
			<key>lastKnownFileType</key>
			<string>sourcecode.c.objc</string>
			<key>path</key>
			<string>NSArray+LINQ_Quantifier.m</string>
			<key>sourceTree</key>
			<string>&lt;group&gt;</string>
		</dict>
		<key>90F112A8189AD48100380A0D</key>
		<dict>
			<key>fileEncoding</key>
			<string>4</string>
			<key>isa</key>
			<string>PBXFileReference</string>
			<key>lastKnownFileType</key>
			<string>sourcecode.c.h</string>
			<key>path</key>
			<string>NSArray+LINQ_Sets.h</string>
			<key>sourceTree</key>
			<string>&lt;group&gt;</string>
		</dict>
		<key>90F112A9189AD48100380A0D</key>
		<dict>
			<key>fileEncoding</key>
			<string>4</string>
			<key>isa</key>
			<string>PBXFileReference</string>
			<key>lastKnownFileType</key>
			<string>sourcecode.c.objc</string>
			<key>path</key>
			<string>NSArray+LINQ_Sets.m</string>
			<key>sourceTree</key>
			<string>&lt;group&gt;</string>
		</dict>
		<key>90F112AA189AD48100380A0D</key>
		<dict>
			<key>fileEncoding</key>
			<string>4</string>
			<key>isa</key>
			<string>PBXFileReference</string>
			<key>lastKnownFileType</key>
			<string>sourcecode.c.h</string>
			<key>path</key>
			<string>NSArray+LINQ_Sorting.h</string>
			<key>sourceTree</key>
			<string>&lt;group&gt;</string>
		</dict>
		<key>90F112AB189AD48100380A0D</key>
		<dict>
			<key>fileEncoding</key>
			<string>4</string>
			<key>isa</key>
			<string>PBXFileReference</string>
			<key>lastKnownFileType</key>
			<string>sourcecode.c.objc</string>
			<key>path</key>
			<string>NSArray+LINQ_Sorting.m</string>
			<key>sourceTree</key>
			<string>&lt;group&gt;</string>
		</dict>
		<key>90F112AC189AD48100380A0D</key>
		<dict>
			<key>children</key>
			<array>
				<string>90F112AD189AD48100380A0D</string>
				<string>90F112AE189AD48100380A0D</string>
				<string>90F112AF189AD48100380A0D</string>
				<string>90F112B0189AD48100380A0D</string>
				<string>90F112B1189AD48100380A0D</string>
				<string>90F112B2189AD48100380A0D</string>
				<string>90F112B3189AD48100380A0D</string>
				<string>90F112B4189AD48100380A0D</string>
				<string>90F112B5189AD48100380A0D</string>
				<string>90F112B6189AD48100380A0D</string>
				<string>90F112B7189AD48100380A0D</string>
				<string>90F112B8189AD48100380A0D</string>
				<string>90F112B9189AD48100380A0D</string>
				<string>90F112BA189AD48100380A0D</string>
				<string>90F112BB189AD48100380A0D</string>
			</array>
			<key>isa</key>
			<string>PBXGroup</string>
			<key>path</key>
			<string>NSDictionary+LINQ</string>
			<key>sourceTree</key>
			<string>&lt;group&gt;</string>
		</dict>
		<key>90F112AD189AD48100380A0D</key>
		<dict>
			<key>fileEncoding</key>
			<string>4</string>
			<key>isa</key>
			<string>PBXFileReference</string>
			<key>lastKnownFileType</key>
			<string>sourcecode.c.h</string>
			<key>path</key>
			<string>NSDictionary+LINQ.h</string>
			<key>sourceTree</key>
			<string>&lt;group&gt;</string>
		</dict>
		<key>90F112AE189AD48100380A0D</key>
		<dict>
			<key>fileEncoding</key>
			<string>4</string>
			<key>isa</key>
			<string>PBXFileReference</string>
			<key>lastKnownFileType</key>
			<string>sourcecode.c.h</string>
			<key>path</key>
			<string>NSDictionary+LINQ_Aggregation.h</string>
			<key>sourceTree</key>
			<string>&lt;group&gt;</string>
		</dict>
		<key>90F112AF189AD48100380A0D</key>
		<dict>
			<key>fileEncoding</key>
			<string>4</string>
			<key>isa</key>
			<string>PBXFileReference</string>
			<key>lastKnownFileType</key>
			<string>sourcecode.c.objc</string>
			<key>path</key>
			<string>NSDictionary+LINQ_Aggregation.m</string>
			<key>sourceTree</key>
			<string>&lt;group&gt;</string>
		</dict>
		<key>90F112B0189AD48100380A0D</key>
		<dict>
			<key>fileEncoding</key>
			<string>4</string>
			<key>isa</key>
			<string>PBXFileReference</string>
			<key>lastKnownFileType</key>
			<string>sourcecode.c.h</string>
			<key>path</key>
			<string>NSDictionary+LINQ_Converting.h</string>
			<key>sourceTree</key>
			<string>&lt;group&gt;</string>
		</dict>
		<key>90F112B1189AD48100380A0D</key>
		<dict>
			<key>fileEncoding</key>
			<string>4</string>
			<key>isa</key>
			<string>PBXFileReference</string>
			<key>lastKnownFileType</key>
			<string>sourcecode.c.objc</string>
			<key>path</key>
			<string>NSDictionary+LINQ_Converting.m</string>
			<key>sourceTree</key>
			<string>&lt;group&gt;</string>
		</dict>
		<key>90F112B2189AD48100380A0D</key>
		<dict>
			<key>fileEncoding</key>
			<string>4</string>
			<key>isa</key>
			<string>PBXFileReference</string>
			<key>lastKnownFileType</key>
			<string>sourcecode.c.h</string>
			<key>path</key>
			<string>NSDictionary+LINQ_Filtering.h</string>
			<key>sourceTree</key>
			<string>&lt;group&gt;</string>
		</dict>
		<key>90F112B3189AD48100380A0D</key>
		<dict>
			<key>fileEncoding</key>
			<string>4</string>
			<key>isa</key>
			<string>PBXFileReference</string>
			<key>lastKnownFileType</key>
			<string>sourcecode.c.objc</string>
			<key>path</key>
			<string>NSDictionary+LINQ_Filtering.m</string>
			<key>sourceTree</key>
			<string>&lt;group&gt;</string>
		</dict>
		<key>90F112B4189AD48100380A0D</key>
		<dict>
			<key>fileEncoding</key>
			<string>4</string>
			<key>isa</key>
			<string>PBXFileReference</string>
			<key>lastKnownFileType</key>
			<string>sourcecode.c.h</string>
			<key>path</key>
			<string>NSDictionary+LINQ_Generation.h</string>
			<key>sourceTree</key>
			<string>&lt;group&gt;</string>
		</dict>
		<key>90F112B5189AD48100380A0D</key>
		<dict>
			<key>fileEncoding</key>
			<string>4</string>
			<key>isa</key>
			<string>PBXFileReference</string>
			<key>lastKnownFileType</key>
			<string>sourcecode.c.objc</string>
			<key>path</key>
			<string>NSDictionary+LINQ_Generation.m</string>
			<key>sourceTree</key>
			<string>&lt;group&gt;</string>
		</dict>
		<key>90F112B6189AD48100380A0D</key>
		<dict>
			<key>fileEncoding</key>
			<string>4</string>
			<key>isa</key>
			<string>PBXFileReference</string>
			<key>lastKnownFileType</key>
			<string>sourcecode.c.h</string>
			<key>path</key>
			<string>NSDictionary+LINQ_Partitioning.h</string>
			<key>sourceTree</key>
			<string>&lt;group&gt;</string>
		</dict>
		<key>90F112B7189AD48100380A0D</key>
		<dict>
			<key>fileEncoding</key>
			<string>4</string>
			<key>isa</key>
			<string>PBXFileReference</string>
			<key>lastKnownFileType</key>
			<string>sourcecode.c.objc</string>
			<key>path</key>
			<string>NSDictionary+LINQ_Partitioning.m</string>
			<key>sourceTree</key>
			<string>&lt;group&gt;</string>
		</dict>
		<key>90F112B8189AD48100380A0D</key>
		<dict>
			<key>fileEncoding</key>
			<string>4</string>
			<key>isa</key>
			<string>PBXFileReference</string>
			<key>lastKnownFileType</key>
			<string>sourcecode.c.h</string>
			<key>path</key>
			<string>NSDictionary+LINQ_Quantifier.h</string>
			<key>sourceTree</key>
			<string>&lt;group&gt;</string>
		</dict>
		<key>90F112B9189AD48100380A0D</key>
		<dict>
			<key>fileEncoding</key>
			<string>4</string>
			<key>isa</key>
			<string>PBXFileReference</string>
			<key>lastKnownFileType</key>
			<string>sourcecode.c.objc</string>
			<key>path</key>
			<string>NSDictionary+LINQ_Quantifier.m</string>
			<key>sourceTree</key>
			<string>&lt;group&gt;</string>
		</dict>
		<key>90F112BA189AD48100380A0D</key>
		<dict>
			<key>fileEncoding</key>
			<string>4</string>
			<key>isa</key>
			<string>PBXFileReference</string>
			<key>lastKnownFileType</key>
			<string>sourcecode.c.h</string>
			<key>path</key>
			<string>NSDictionary+LINQ_Sets.h</string>
			<key>sourceTree</key>
			<string>&lt;group&gt;</string>
		</dict>
		<key>90F112BB189AD48100380A0D</key>
		<dict>
			<key>fileEncoding</key>
			<string>4</string>
			<key>isa</key>
			<string>PBXFileReference</string>
			<key>lastKnownFileType</key>
			<string>sourcecode.c.objc</string>
			<key>path</key>
			<string>NSDictionary+LINQ_Sets.m</string>
			<key>sourceTree</key>
			<string>&lt;group&gt;</string>
		</dict>
		<key>90F112BC189AD48100380A0D</key>
		<dict>
			<key>fileRef</key>
			<string>90F11299189AD48100380A0D</string>
			<key>isa</key>
			<string>PBXBuildFile</string>
		</dict>
		<key>90F112BD189AD48100380A0D</key>
		<dict>
			<key>fileRef</key>
			<string>90F1129B189AD48100380A0D</string>
			<key>isa</key>
			<string>PBXBuildFile</string>
		</dict>
		<key>90F112BE189AD48100380A0D</key>
		<dict>
			<key>fileRef</key>
			<string>90F1129D189AD48100380A0D</string>
			<key>isa</key>
			<string>PBXBuildFile</string>
		</dict>
		<key>90F112BF189AD48100380A0D</key>
		<dict>
			<key>fileRef</key>
			<string>90F1129F189AD48100380A0D</string>
			<key>isa</key>
			<string>PBXBuildFile</string>
		</dict>
		<key>90F112C0189AD48100380A0D</key>
		<dict>
			<key>fileRef</key>
			<string>90F112A1189AD48100380A0D</string>
			<key>isa</key>
			<string>PBXBuildFile</string>
		</dict>
		<key>90F112C1189AD48100380A0D</key>
		<dict>
			<key>fileRef</key>
			<string>90F112A3189AD48100380A0D</string>
			<key>isa</key>
			<string>PBXBuildFile</string>
		</dict>
		<key>90F112C2189AD48100380A0D</key>
		<dict>
			<key>fileRef</key>
			<string>90F112A5189AD48100380A0D</string>
			<key>isa</key>
			<string>PBXBuildFile</string>
		</dict>
		<key>90F112C3189AD48100380A0D</key>
		<dict>
			<key>fileRef</key>
			<string>90F112A7189AD48100380A0D</string>
			<key>isa</key>
			<string>PBXBuildFile</string>
		</dict>
		<key>90F112C4189AD48100380A0D</key>
		<dict>
			<key>fileRef</key>
			<string>90F112A9189AD48100380A0D</string>
			<key>isa</key>
			<string>PBXBuildFile</string>
		</dict>
		<key>90F112C5189AD48100380A0D</key>
		<dict>
			<key>fileRef</key>
			<string>90F112AB189AD48100380A0D</string>
			<key>isa</key>
			<string>PBXBuildFile</string>
		</dict>
		<key>90F112C6189AD48100380A0D</key>
		<dict>
			<key>fileRef</key>
			<string>90F112AF189AD48100380A0D</string>
			<key>isa</key>
			<string>PBXBuildFile</string>
		</dict>
		<key>90F112C7189AD48100380A0D</key>
		<dict>
			<key>fileRef</key>
			<string>90F112B1189AD48100380A0D</string>
			<key>isa</key>
			<string>PBXBuildFile</string>
		</dict>
		<key>90F112C8189AD48100380A0D</key>
		<dict>
			<key>fileRef</key>
			<string>90F112B3189AD48100380A0D</string>
			<key>isa</key>
			<string>PBXBuildFile</string>
		</dict>
		<key>90F112C9189AD48100380A0D</key>
		<dict>
			<key>fileRef</key>
			<string>90F112B5189AD48100380A0D</string>
			<key>isa</key>
			<string>PBXBuildFile</string>
		</dict>
		<key>90F112CA189AD48100380A0D</key>
		<dict>
			<key>fileRef</key>
			<string>90F112B7189AD48100380A0D</string>
			<key>isa</key>
			<string>PBXBuildFile</string>
		</dict>
		<key>90F112CB189AD48100380A0D</key>
		<dict>
			<key>fileRef</key>
			<string>90F112B9189AD48100380A0D</string>
			<key>isa</key>
			<string>PBXBuildFile</string>
		</dict>
		<key>90F112CC189AD48100380A0D</key>
		<dict>
			<key>fileRef</key>
			<string>90F112BB189AD48100380A0D</string>
			<key>isa</key>
			<string>PBXBuildFile</string>
		</dict>
		<key>90F112CD189AD4BA00380A0D</key>
		<dict>
			<key>children</key>
			<array>
				<string>90F112D1189AD5A200380A0D</string>
				<string>90F112D2189AD5A200380A0D</string>
				<string>90F112CE189AD57600380A0D</string>
				<string>90F112CF189AD57600380A0D</string>
			</array>
			<key>isa</key>
			<string>PBXGroup</string>
			<key>path</key>
			<string>Example</string>
			<key>sourceTree</key>
			<string>&lt;group&gt;</string>
		</dict>
		<key>90F112CE189AD57600380A0D</key>
		<dict>
			<key>fileEncoding</key>
			<string>4</string>
			<key>isa</key>
			<string>PBXFileReference</string>
			<key>lastKnownFileType</key>
			<string>sourcecode.c.h</string>
			<key>path</key>
			<string>Person.h</string>
			<key>sourceTree</key>
			<string>&lt;group&gt;</string>
		</dict>
		<key>90F112CF189AD57600380A0D</key>
		<dict>
			<key>fileEncoding</key>
			<string>4</string>
			<key>isa</key>
			<string>PBXFileReference</string>
			<key>lastKnownFileType</key>
			<string>sourcecode.c.objc</string>
			<key>path</key>
			<string>Person.m</string>
			<key>sourceTree</key>
			<string>&lt;group&gt;</string>
		</dict>
		<key>90F112D0189AD57600380A0D</key>
		<dict>
			<key>fileRef</key>
			<string>90F112CF189AD57600380A0D</string>
			<key>isa</key>
			<string>PBXBuildFile</string>
		</dict>
		<key>90F112D1189AD5A200380A0D</key>
		<dict>
			<key>fileEncoding</key>
			<string>4</string>
			<key>isa</key>
			<string>PBXFileReference</string>
			<key>lastKnownFileType</key>
			<string>sourcecode.c.h</string>
			<key>path</key>
			<string>Example.h</string>
			<key>sourceTree</key>
			<string>&lt;group&gt;</string>
		</dict>
		<key>90F112D2189AD5A200380A0D</key>
		<dict>
			<key>fileEncoding</key>
			<string>4</string>
			<key>isa</key>
			<string>PBXFileReference</string>
			<key>lastKnownFileType</key>
			<string>sourcecode.c.objc</string>
			<key>path</key>
			<string>Example.m</string>
			<key>sourceTree</key>
			<string>&lt;group&gt;</string>
		</dict>
		<key>90F112D3189AD5A200380A0D</key>
		<dict>
			<key>fileRef</key>
			<string>90F112D2189AD5A200380A0D</string>
			<key>isa</key>
			<string>PBXBuildFile</string>
		</dict>
	</dict>
	<key>rootObject</key>
	<string>90898FF51775E1C100AA935C</string>
</dict>
</plist>
